dependencies:
- name: postgresql
  repository: oci://registry-1.docker.io/bitnamicharts
  version: 16.7.27
- name: redis
  repository: oci://registry-1.docker.io/bitnamicharts
  version: 17.9.4
digest: sha256:fcae507ca24a20b9cc08b8bf0fcb0eba8ffa33126ab6f71cc3a6e1d5e997e9e3
generated: "2026-02-08T14:11:58.8058368+01:00"
