dependencies:
- name: postgresql
  repository: https://charts.bitnami.com/bitnami
  version: 12.1.6
- name: redis
  repository: https://charts.bitnami.com/bitnami
  version: 17.9.4
- name: traefik
  repository: https://helm.traefik.io/traefik
  version: 10.24.0
digest: sha256:c593fa67e8694716c4f68726cf0e2ec3e51aaea82cc456cb316c7fdb36f03a14
generated: "2024-02-27T18:20:55.245968+01:00"
