# THIS IS AN AUTOGENERATED FILE. DO NOT EDIT THIS FILE DIRECTLY.
# yarn lockfile v1


"@babel/runtime@^7.0.0", "@babel/runtime@^7.12.0", "@babel/runtime@^7.3.1":
  "integrity" "sha512-twj3L8Og5SaCRCErB4x4ajbvBIVV77CGeFglHpeg5WC5FF8TZzBWXtTJ4MqaD9QszLYTtr+IsaAL2rEUevb+eg=="
  "resolved" "https://registry.npmjs.org/@babel/runtime/-/runtime-7.14.8.tgz"
  "version" "7.14.8"
  dependencies:
    "regenerator-runtime" "^0.13.4"

"@deck.gl/aggregation-layers@8.5.2":
  "integrity" "sha512-oiqXPmyn2v0lX9tWCvgmWs29stHSLS3tje71Ff2FVXDNmvP5FoZItFa8y7O7KSTkej2/rSwZeSte/a9pri6Njg=="
  "resolved" "https://registry.npmjs.org/@deck.gl/aggregation-layers/-/aggregation-layers-8.5.2.tgz"
  "version" "8.5.2"
  dependencies:
    "@luma.gl/shadertools" "^8.5.4"
    "@math.gl/web-mercator" "^3.5.3"
    "d3-hexbin" "^0.2.1"

"@deck.gl/carto@8.5.2":
  "integrity" "sha512-Kw/3NUM+2NcHjxH6b7IOUYXEwmJ4SNQujFzAVFW5amG4Lut8074NGSF5XHi+4M/zgk7vXDFsGRxLqspsA/dg8w=="
  "resolved" "https://registry.npmjs.org/@deck.gl/carto/-/carto-8.5.2.tgz"
  "version" "8.5.2"
  dependencies:
    "@loaders.gl/loader-utils" "^3.0.6"
    "@loaders.gl/mvt" "^3.0.6"
    "@loaders.gl/tiles" "^3.0.6"
    "@math.gl/web-mercator" "^3.5.3"
    "cartocolor" "^4.0.2"
    "d3-scale" "^3.2.3"

"@deck.gl/core@8.5.2":
  "integrity" "sha512-SAFv7fKx6k1Rj8R4qTMQO2wEhEfixROzbcoSS6RivxrfES00KYYj6jJ7iNEnq3dFn6qc37LPpxqtYYHO4BcvYA=="
  "resolved" "https://registry.npmjs.org/@deck.gl/core/-/core-8.5.2.tgz"
  "version" "8.5.2"
  dependencies:
    "@loaders.gl/core" "^3.0.6"
    "@loaders.gl/images" "^3.0.6"
    "@luma.gl/core" "^8.5.4"
    "@math.gl/web-mercator" "^3.5.3"
    "gl-matrix" "^3.0.0"
    "math.gl" "^3.5.3"
    "mjolnir.js" "^2.5.0"
    "probe.gl" "^3.4.0"

"@deck.gl/extensions@8.5.2":
  "integrity" "sha512-VhbQsMNPM7RCR/ERwb1u1x0rEWAxgXfcCWttW+gYvbiagW/LrAJ22jhOghlRW/wilEmupHYbXQlWkW2V/mYfsg=="
  "resolved" "https://registry.npmjs.org/@deck.gl/extensions/-/extensions-8.5.2.tgz"
  "version" "8.5.2"
  dependencies:
    "@luma.gl/shadertools" "^8.5.4"

"@deck.gl/geo-layers@8.5.2":
  "integrity" "sha512-t6+TgAdbKWDw8g9UX1y6D+5twcdJuKaXw4qSib/0yVurWi/Mil5Plihybt1l9uBZuwkr+UcpxPR73zzo+qd9MA=="
  "resolved" "https://registry.npmjs.org/@deck.gl/geo-layers/-/geo-layers-8.5.2.tgz"
  "version" "8.5.2"
  dependencies:
    "@loaders.gl/3d-tiles" "^3.0.6"
    "@loaders.gl/gis" "^3.0.6"
    "@loaders.gl/loader-utils" "^3.0.6"
    "@loaders.gl/mvt" "^3.0.6"
    "@loaders.gl/terrain" "^3.0.6"
    "@loaders.gl/tiles" "^3.0.6"
    "@luma.gl/experimental" "^8.5.4"
    "@math.gl/culling" "^3.5.3"
    "@math.gl/web-mercator" "^3.5.3"
    "h3-js" "^3.6.0"
    "long" "^3.2.0"
    "math.gl" "^3.5.3"

"@deck.gl/google-maps@8.5.2":
  "integrity" "sha512-Dk3ozenBWgt9nFSYOT4N82urNW/JhiMszfFq6zLt3jUp0N7EJ9d2XO81hclM59BhjIdGWb6drTe96NvtbabVLQ=="
  "resolved" "https://registry.npmjs.org/@deck.gl/google-maps/-/google-maps-8.5.2.tgz"
  "version" "8.5.2"

"@deck.gl/json@8.5.2":
  "integrity" "sha512-lVS16bvPfLUSidgBURZvGbWEjgK8GjLWlp1iGuLvua2W6TnWIyiKa6a3XoebgeXd8kqwSbQxhNnuSVPX+Di6Rg=="
  "resolved" "https://registry.npmjs.org/@deck.gl/json/-/json-8.5.2.tgz"
  "version" "8.5.2"
  dependencies:
    "d3-dsv" "^1.0.8"
    "expression-eval" "^2.0.0"

"@deck.gl/layers@8.5.2":
  "integrity" "sha512-HmpE3qf9CI7sU/xa2DMCNg31pzpzK5XuUHyC70dsLq8AV7Sm3vZQz17KMU/CWSZpVr7yQ8uxTeSQARiv/zeOFQ=="
  "resolved" "https://registry.npmjs.org/@deck.gl/layers/-/layers-8.5.2.tgz"
  "version" "8.5.2"
  dependencies:
    "@loaders.gl/images" "^3.0.6"
    "@mapbox/tiny-sdf" "^1.1.0"
    "@math.gl/polygon" "^3.5.3"
    "earcut" "^2.0.6"

"@deck.gl/mapbox@8.5.2":
  "integrity" "sha512-nMpzfdPFBVthT+EMgIcKo4YO6bZCqADQtqnxIFtfofZIiKS6R5OSuJ3sXPSNZ9ReCJGzdmndEz7/Qtm9Sia/bA=="
  "resolved" "https://registry.npmjs.org/@deck.gl/mapbox/-/mapbox-8.5.2.tgz"
  "version" "8.5.2"

"@deck.gl/mesh-layers@8.5.2":
  "integrity" "sha512-dUfQyGjm5CYQg9AQdRsGtEEXGSGHxifPlws0zWWoj1r757wjqM0aZ663TUJEsJQDTLNOvbBLGTiuFeCBUoKO4Q=="
  "resolved" "https://registry.npmjs.org/@deck.gl/mesh-layers/-/mesh-layers-8.5.2.tgz"
  "version" "8.5.2"
  dependencies:
    "@loaders.gl/gltf" "^3.0.6"
    "@luma.gl/experimental" "^8.5.4"
    "@luma.gl/shadertools" "^8.5.4"

"@deck.gl/react@8.5.2":
  "integrity" "sha512-h7AJ9nPY1PTjrAVP7T1fvWDChWZrVOsEfYIoEP4W6ILSjvDqEQfVL0+9RhjUwQV2nKrg0QmpqCmbfOrgKQQbYw=="
  "resolved" "https://registry.npmjs.org/@deck.gl/react/-/react-8.5.2.tgz"
  "version" "8.5.2"
  dependencies:
    "prop-types" "^15.6.0"

"@loaders.gl/3d-tiles@^3.0.6":
  "integrity" "sha512-jZeOyDPGD2wEkTLW4Do9A4UUQ+OGjhhNXztB0AsttZ69OpkmsxJXb76xxwevf+eThrsTgSTjZ06eC5DHX0kyXA=="
  "resolved" "https://registry.npmjs.org/@loaders.gl/3d-tiles/-/3d-tiles-3.0.8.tgz"
  "version" "3.0.8"
  dependencies:
    "@loaders.gl/core" "3.0.8"
    "@loaders.gl/draco" "3.0.8"
    "@loaders.gl/gltf" "3.0.8"
    "@loaders.gl/loader-utils" "3.0.8"
    "@loaders.gl/math" "3.0.8"
    "@loaders.gl/tiles" "3.0.8"
    "@math.gl/core" "^3.5.1"
    "@math.gl/geospatial" "^3.5.1"

"@loaders.gl/core@^3.0.6", "@loaders.gl/core@3.0.8":
  "integrity" "sha512-FIfbhMkoRX2JonEHXHgClC7jwOSsEwvvmjlaTMRAY+gFKvJPGmegkp4VgUZquLFf6GedJt/1TuMMvAX6gdq1pg=="
  "resolved" "https://registry.npmjs.org/@loaders.gl/core/-/core-3.0.8.tgz"
  "version" "3.0.8"
  dependencies:
    "@babel/runtime" "^7.3.1"
    "@loaders.gl/loader-utils" "3.0.8"
    "@loaders.gl/worker-utils" "3.0.8"
    "probe.gl" "^3.4.0"

"@loaders.gl/draco@3.0.8":
  "integrity" "sha512-ZCXzXNHWQ7H0qk/kC+rWzjMWjLzZGzQcDbdpIuy8xJdp4rTpmMkLUseFPby8vhkmIaqxWPwPB6mx/vM7L6JENg=="
  "resolved" "https://registry.npmjs.org/@loaders.gl/draco/-/draco-3.0.8.tgz"
  "version" "3.0.8"
  dependencies:
    "@babel/runtime" "^7.3.1"
    "@loaders.gl/loader-utils" "3.0.8"
    "@loaders.gl/schema" "3.0.8"
    "@loaders.gl/worker-utils" "3.0.8"
    "draco3d" "1.4.1"

"@loaders.gl/gis@^3.0.6", "@loaders.gl/gis@3.0.8":
  "integrity" "sha512-7NL+lIb7NezlMupYskVil6M3RZunXJl+TyaVAW82GLbzPSOq+m/G7h3+z0GBa8iv/U/I+cB5BhSN+GZmvFwqEA=="
  "resolved" "https://registry.npmjs.org/@loaders.gl/gis/-/gis-3.0.8.tgz"
  "version" "3.0.8"
  dependencies:
    "@loaders.gl/loader-utils" "3.0.8"
    "@loaders.gl/schema" "3.0.8"
    "@mapbox/vector-tile" "^1.3.1"
    "pbf" "^3.2.1"

"@loaders.gl/gltf@^3.0.6", "@loaders.gl/gltf@3.0.8":
  "integrity" "sha512-4PXWTlqyvlbZE2Vp4iQ+Y87ZO1WuRvSlbImDhygd0hoINfmJ9ObxrFS3yJcpJTu007nWxXorNVEOKyuoo+4Iyw=="
  "resolved" "https://registry.npmjs.org/@loaders.gl/gltf/-/gltf-3.0.8.tgz"
  "version" "3.0.8"
  dependencies:
    "@loaders.gl/core" "3.0.8"
    "@loaders.gl/draco" "3.0.8"
    "@loaders.gl/images" "3.0.8"
    "@loaders.gl/loader-utils" "3.0.8"

"@loaders.gl/images@^3.0.6", "@loaders.gl/images@3.0.8":
  "integrity" "sha512-rO2cIYJYlMs/uO9YSoF4/BEA4p/9xQ3gHZ1sIJkPYVnDqzpbu8nvUjWTQqIdL/MkQBTW8tz3twCdM+B6G9Fa2w=="
  "resolved" "https://registry.npmjs.org/@loaders.gl/images/-/images-3.0.8.tgz"
  "version" "3.0.8"
  dependencies:
    "@loaders.gl/loader-utils" "3.0.8"

"@loaders.gl/loader-utils@^3.0.6", "@loaders.gl/loader-utils@3.0.8":
  "integrity" "sha512-PW1WyyQ+LXkqoGHBZHsmfNQkKiLAYf1gok+kHnHvY9fCzhJeA1iTNEUKPXGXKgS00m/k5cBTkOWAaOG9KRvBCQ=="
  "resolved" "https://registry.npmjs.org/@loaders.gl/loader-utils/-/loader-utils-3.0.8.tgz"
  "version" "3.0.8"
  dependencies:
    "@babel/runtime" "^7.3.1"
    "@loaders.gl/worker-utils" "3.0.8"
    "@probe.gl/stats" "^3.4.0"

"@loaders.gl/math@3.0.8":
  "integrity" "sha512-jfFpxxr4Bq5JfOPqLVJc4JJGoGGvVTOCWiJhnTtSAKhaNSwldmNWaZ0w8E2nlgPKPMAHiTRKOQnd9sSY5m66Cw=="
  "resolved" "https://registry.npmjs.org/@loaders.gl/math/-/math-3.0.8.tgz"
  "version" "3.0.8"
  dependencies:
    "@loaders.gl/images" "3.0.8"
    "@loaders.gl/loader-utils" "3.0.8"
    "@math.gl/core" "^3.5.1"

"@loaders.gl/mvt@^3.0.6":
  "integrity" "sha512-Jk1QTHgpxMsUT01w5IJJ2en9qq0yOZcL2wGXVc7CFp2h6inB22rC3drUwq1mUNGe6iy3EWIo7EeJVd9B+5JyTQ=="
  "resolved" "https://registry.npmjs.org/@loaders.gl/mvt/-/mvt-3.0.8.tgz"
  "version" "3.0.8"
  dependencies:
    "@loaders.gl/gis" "3.0.8"
    "@loaders.gl/loader-utils" "3.0.8"
    "@math.gl/polygon" "^3.5.1"
    "pbf" "^3.2.1"

"@loaders.gl/schema@3.0.8":
  "integrity" "sha512-yne5WE7fZZWFl2zF8fzDlYhPVJua6h6mTCSmlQ5pryaMXTZS9mfzXXIFWRL3kswqnQTu/QNFdyFj1mP0haF24w=="
  "resolved" "https://registry.npmjs.org/@loaders.gl/schema/-/schema-3.0.8.tgz"
  "version" "3.0.8"
  dependencies:
    "@types/geojson" "^7946.0.7"
    "apache-arrow" "^4.0.0"
    "d3-dsv" "^1.2.0"

"@loaders.gl/terrain@^3.0.6":
  "integrity" "sha512-MtOAYEB/xJB4CN4B0YNPkO4v1ZY332joxiOHQI1x37x4sWVAqOrKLr9jB42sZCB8aINi2WMWGiErtf9wh9L5Pg=="
  "resolved" "https://registry.npmjs.org/@loaders.gl/terrain/-/terrain-3.0.8.tgz"
  "version" "3.0.8"
  dependencies:
    "@babel/runtime" "^7.3.1"
    "@loaders.gl/loader-utils" "3.0.8"
    "@loaders.gl/schema" "3.0.8"
    "@mapbox/martini" "^0.2.0"

"@loaders.gl/tiles@^3.0.6", "@loaders.gl/tiles@3.0.8":
  "integrity" "sha512-Rc+yHFdQg2sYmcYkwvszukFWdm9EW354F9HUR7y/oauos6tsdo4YTj31zgytaYR63/EqWQ7kwI29/eePEcutzg=="
  "resolved" "https://registry.npmjs.org/@loaders.gl/tiles/-/tiles-3.0.8.tgz"
  "version" "3.0.8"
  dependencies:
    "@loaders.gl/core" "3.0.8"
    "@loaders.gl/loader-utils" "3.0.8"
    "@loaders.gl/math" "3.0.8"
    "@math.gl/core" "^3.5.1"
    "@math.gl/culling" "^3.5.1"
    "@math.gl/geospatial" "^3.5.1"
    "@math.gl/web-mercator" "^3.5.1"
    "@probe.gl/stats" "^3.4.0"

"@loaders.gl/worker-utils@3.0.8":
  "integrity" "sha512-Pg72HuXPcL725TrOlOr83xloVUHj6OMWmno1dI8ccuqfOBsgoRjxNZrcSvwBzfK8tFCzuN2X30I+mHl3BkuYLw=="
  "resolved" "https://registry.npmjs.org/@loaders.gl/worker-utils/-/worker-utils-3.0.8.tgz"
  "version" "3.0.8"
  dependencies:
    "@babel/runtime" "^7.3.1"

"@luma.gl/constants@8.5.4":
  "integrity" "sha512-lrA4ja92om/gDHYOvM9itL5S7FVzjKulyknDz6S+Y7gmgHgXk2ln1Xar5zUCsLnhAYx4glHITXGH5Y5rdWgT1Q=="
  "resolved" "https://registry.npmjs.org/@luma.gl/constants/-/constants-8.5.4.tgz"
  "version" "8.5.4"

"@luma.gl/core@^8.5.4":
  "integrity" "sha512-+saDz1D3mcPd53vgbG60ryg1w5CF9Z2wdakKHzR810VoJLw97t4aNdg/eNgyWOvbOHxaKJBPm8K0sGjej67+jw=="
  "resolved" "https://registry.npmjs.org/@luma.gl/core/-/core-8.5.4.tgz"
  "version" "8.5.4"
  dependencies:
    "@babel/runtime" "^7.0.0"
    "@luma.gl/constants" "8.5.4"
    "@luma.gl/engine" "8.5.4"
    "@luma.gl/gltools" "8.5.4"
    "@luma.gl/shadertools" "8.5.4"
    "@luma.gl/webgl" "8.5.4"

"@luma.gl/engine@8.5.4":
  "integrity" "sha512-Sfv972IzvR9s9kKWugs67XQUh9jC0e/PpBrzvyGVnPU4XvFq42RZVF73pzEklVU6AlpR8Zg5CPtxGdhyOHtT7w=="
  "resolved" "https://registry.npmjs.org/@luma.gl/engine/-/engine-8.5.4.tgz"
  "version" "8.5.4"
  dependencies:
    "@babel/runtime" "^7.0.0"
    "@luma.gl/constants" "8.5.4"
    "@luma.gl/gltools" "8.5.4"
    "@luma.gl/shadertools" "8.5.4"
    "@luma.gl/webgl" "8.5.4"
    "@math.gl/core" "^3.5.0"
    "probe.gl" "^3.4.0"

"@luma.gl/experimental@^8.5.4":
  "integrity" "sha512-09waqRhgIrw+Sq0/in4tw4jPag5YsFfV1nEHJaLAg5RFv92S53IEubSJgkuG02HoOBkPxQ7KYvs9VNmriisnYg=="
  "resolved" "https://registry.npmjs.org/@luma.gl/experimental/-/experimental-8.5.4.tgz"
  "version" "8.5.4"
  dependencies:
    "@luma.gl/constants" "8.5.4"
    "@math.gl/core" "^3.5.0"
    "earcut" "^2.0.6"

"@luma.gl/gltools@8.5.4":
  "integrity" "sha512-JotiPuymQz2Xc41AYlS2moJC/EHxU+OX/OMKi0+/MeOlEFLsdochgTA0I64j8yofLTXdeiGCneGtD1Ao8fk+bw=="
  "resolved" "https://registry.npmjs.org/@luma.gl/gltools/-/gltools-8.5.4.tgz"
  "version" "8.5.4"
  dependencies:
    "@babel/runtime" "^7.0.0"
    "@luma.gl/constants" "8.5.4"
    "probe.gl" "^3.4.0"

"@luma.gl/shadertools@^8.5.4", "@luma.gl/shadertools@8.5.4":
  "integrity" "sha512-rwLBLrACi75aWnuJm8rVKCQnJR2sMTCxHuexfjHJ7Uecl0vVcVJZT7c9EnCFaz5LUTNbdupvuhq0SKNckKiKmw=="
  "resolved" "https://registry.npmjs.org/@luma.gl/shadertools/-/shadertools-8.5.4.tgz"
  "version" "8.5.4"
  dependencies:
    "@babel/runtime" "^7.0.0"
    "@math.gl/core" "^3.5.0"

"@luma.gl/webgl@8.5.4":
  "integrity" "sha512-dWy4dhTbtvDO9zQBdx1Yb+DxNx/1JWV9rhhJxJUtTKbGZSX0RjkASTT6GBWMl5jrH1JYJefS1wswHmmPVXjK0Q=="
  "resolved" "https://registry.npmjs.org/@luma.gl/webgl/-/webgl-8.5.4.tgz"
  "version" "8.5.4"
  dependencies:
    "@babel/runtime" "^7.0.0"
    "@luma.gl/constants" "8.5.4"
    "@luma.gl/gltools" "8.5.4"
    "probe.gl" "^3.4.0"

"@mapbox/geojson-rewind@^0.5.0":
  "integrity" "sha512-eL7fMmfTBKjrb+VFHXCGv9Ot0zc3C0U+CwXo1IrP+EPwDczLoXv34Tgq3y+2mPSFNVUXgU42ILWJTC7145KPTA=="
  "resolved" "https://registry.npmjs.org/@mapbox/geojson-rewind/-/geojson-rewind-0.5.1.tgz"
  "version" "0.5.1"
  dependencies:
    "get-stream" "^6.0.1"
    "minimist" "^1.2.5"

"@mapbox/geojson-types@^1.0.2":
  "integrity" "sha512-e9EBqHHv3EORHrSfbR9DqecPNn+AmuAoQxV6aL8Xu30bJMJR1o8PZLZzpk1Wq7/NfCbuhmakHTPYRhoqLsXRnw=="
  "resolved" "https://registry.npmjs.org/@mapbox/geojson-types/-/geojson-types-1.0.2.tgz"
  "version" "1.0.2"

"@mapbox/jsonlint-lines-primitives@^2.0.2":
  "integrity" "sha1-zlblOfg1UrWNENZy6k1vya3HsjQ="
  "resolved" "https://registry.npmjs.org/@mapbox/jsonlint-lines-primitives/-/jsonlint-lines-primitives-2.0.2.tgz"
  "version" "2.0.2"

"@mapbox/mapbox-gl-supported@^2.0.0":
  "integrity" "sha512-zu4udqYiBrKMQKwpKJ4hhPON7tz0QR/JZ3iGpHnNWFmH3Sv/ysxlICATUtGCFpsyJf2v1WpFhlzaZ3GhhKmPMA=="
  "resolved" "https://registry.npmjs.org/@mapbox/mapbox-gl-supported/-/mapbox-gl-supported-2.0.0.tgz"
  "version" "2.0.0"

"@mapbox/martini@^0.2.0":
  "integrity" "sha512-7hFhtkb0KTLEls+TRw/rWayq5EeHtTaErgm/NskVoXmtgAQu/9D299aeyj6mzAR/6XUnYRp2lU+4IcrYRFjVsQ=="
  "resolved" "https://registry.npmjs.org/@mapbox/martini/-/martini-0.2.0.tgz"
  "version" "0.2.0"

"@mapbox/point-geometry@^0.1.0", "@mapbox/point-geometry@~0.1.0", "@mapbox/point-geometry@0.1.0":
  "integrity" "sha1-ioP5M1x4YO/6Lu7KJUMyqgru2PI="
  "resolved" "https://registry.npmjs.org/@mapbox/point-geometry/-/point-geometry-0.1.0.tgz"
  "version" "0.1.0"

"@mapbox/tiny-sdf@^1.1.0", "@mapbox/tiny-sdf@^1.2.5":
  "integrity" "sha512-cD8A/zJlm6fdJOk6DqPUV8mcpyJkRz2x2R+/fYcWDYG3oWbG7/L7Yl/WqQ1VZCjnL9OTIMAn6c+BC5Eru4sQEw=="
  "resolved" "https://registry.npmjs.org/@mapbox/tiny-sdf/-/tiny-sdf-1.2.5.tgz"
  "version" "1.2.5"

"@mapbox/unitbezier@^0.0.0":
  "integrity" "sha1-FWUb1VOme4WB+zmIEMmK2Go0Uk4="
  "resolved" "https://registry.npmjs.org/@mapbox/unitbezier/-/unitbezier-0.0.0.tgz"
  "version" "0.0.0"

"@mapbox/vector-tile@^1.3.1":
  "integrity" "sha512-MCEddb8u44/xfQ3oD+Srl/tNcQoqTw3goGk2oLsrFxOTc3dUp+kAnby3PvAeeBYSMSjSPD1nd1AJA6W49WnoUw=="
  "resolved" "https://registry.npmjs.org/@mapbox/vector-tile/-/vector-tile-1.3.1.tgz"
  "version" "1.3.1"
  dependencies:
    "@mapbox/point-geometry" "~0.1.0"

"@mapbox/whoots-js@^3.1.0":
  "integrity" "sha512-Es6WcD0nO5l+2BOQS4uLfNPYQaNDfbot3X1XUoloz+x0mPDS3eeORZJl06HXjwBG1fOGwCRnzK88LMdxKRrd6Q=="
  "resolved" "https://registry.npmjs.org/@mapbox/whoots-js/-/whoots-js-3.1.0.tgz"
  "version" "3.1.0"

"@math.gl/core@^3.5.0", "@math.gl/core@^3.5.1", "@math.gl/core@3.5.3":
  "integrity" "sha512-TaSnvG0qFh1VxeNW5L58jSx0nJUMWMpUl6zo6Z3ScQzFySG5cicGOBzk/D40RkIZWPazCKCZ+ZThg5npSK9y3g=="
  "resolved" "https://registry.npmjs.org/@math.gl/core/-/core-3.5.3.tgz"
  "version" "3.5.3"
  dependencies:
    "@babel/runtime" "^7.12.0"
    "gl-matrix" "^3.0.0"

"@math.gl/culling@^3.5.1", "@math.gl/culling@^3.5.3":
  "integrity" "sha512-ABpAcrvoIOLSm1EUkwgDem4RfO28HWPBs/+taZ/ZSpJG6KiVPklpKU1NCK+05HuJStkpFZ+XlWtehWU6FAMCyA=="
  "resolved" "https://registry.npmjs.org/@math.gl/culling/-/culling-3.5.3.tgz"
  "version" "3.5.3"
  dependencies:
    "@babel/runtime" "^7.12.0"
    "@math.gl/core" "3.5.3"
    "gl-matrix" "^3.0.0"

"@math.gl/geospatial@^3.5.1":
  "integrity" "sha512-cnc8VMQrt30JmlG200VDJmmvSjaGW57gY9KEZ+raapxyyFyfDNuAuIrIxe+zbK66FbvFWTbJlDaNmKqVG+ohyw=="
  "resolved" "https://registry.npmjs.org/@math.gl/geospatial/-/geospatial-3.5.3.tgz"
  "version" "3.5.3"
  dependencies:
    "@babel/runtime" "^7.12.0"
    "@math.gl/core" "3.5.3"
    "gl-matrix" "^3.0.0"

"@math.gl/polygon@^3.5.1", "@math.gl/polygon@^3.5.3":
  "integrity" "sha512-VktscmyQg/Rd56nJk0Nj/UyvnPDbsnZNMWCdl3G5AYenYzLWy6h4FEWhLx8pD+Xw7VuFot8LR4WAK2TPzXzrWw=="
  "resolved" "https://registry.npmjs.org/@math.gl/polygon/-/polygon-3.5.3.tgz"
  "version" "3.5.3"
  dependencies:
    "@math.gl/core" "3.5.3"

"@math.gl/web-mercator@^3.2.2", "@math.gl/web-mercator@^3.4.3", "@math.gl/web-mercator@^3.5.1", "@math.gl/web-mercator@^3.5.3":
  "integrity" "sha512-WZE9ALeTS4n3HDgkqTxcNLBU7DL0mjmPXSrcqSZIUeDY00+LCtNvMQWUAwqolpB7nD71vD6HLW8delzVuy4teA=="
  "resolved" "https://registry.npmjs.org/@math.gl/web-mercator/-/web-mercator-3.5.3.tgz"
  "version" "3.5.3"
  dependencies:
    "@babel/runtime" "^7.12.0"
    "gl-matrix" "^3.0.0"

"@probe.gl/stats@^3.4.0", "@probe.gl/stats@3.4.0":
  "integrity" "sha512-Gl37r9qGuiKadIvTZdSZvzCNOttJYw6RcY1oT0oDuB8r2uhuZAdSMQRQTy9FTinp6MY6O9wngGnV6EpQ8wSBAw=="
  "resolved" "https://registry.npmjs.org/@probe.gl/stats/-/stats-3.4.0.tgz"
  "version" "3.4.0"
  dependencies:
    "@babel/runtime" "^7.0.0"

"@types/d3-array@^2.0.0":
  "integrity" "sha512-hN879HLPTVqZV3FQEXy7ptt083UXwguNbnxdTGzVW4y4KjX5uyNKljrQixZcSJfLyFirbpUokxpXtvR+N5+KIg=="
  "resolved" "https://registry.npmjs.org/@types/d3-array/-/d3-array-2.12.3.tgz"
  "version" "2.12.3"

"@types/flatbuffers@^1.10.0":
  "integrity" "sha512-7btbphLrKvo5yl/5CC2OCxUSMx1wV1wvGT1qDXkSt7yi00/YW7E8k6qzXqJHsp+WU0eoG7r6MTQQXI9lIvd0qA=="
  "resolved" "https://registry.npmjs.org/@types/flatbuffers/-/flatbuffers-1.10.0.tgz"
  "version" "1.10.0"

"@types/geojson@*", "@types/geojson@^7946.0.7":
  "integrity" "sha512-1rkryxURpr6aWP7R786/UQOkJ3PcpQiWkAXBmdWc7ryFWqN6a4xfK7BtjXvFBKO9LjQ+MWQSWxYeZX1OApnArA=="
  "resolved" "https://registry.npmjs.org/@types/geojson/-/geojson-7946.0.8.tgz"
  "version" "7946.0.8"

"@types/mapbox-gl@^2.0.3":
  "integrity" "sha512-Na5vXw6Ez0L5To/+pL78dWPNoG6QlPdEDdnkSmIL5HWxemD+s0pTmTWDbMj7tcqJ2hnVyOyukVIveR9HPi7eeA=="
  "resolved" "https://registry.npmjs.org/@types/mapbox-gl/-/mapbox-gl-2.4.0.tgz"
  "version" "2.4.0"
  dependencies:
    "@types/geojson" "*"

"@types/node@^14.14.37":
  "integrity" "sha512-CMjgRNsks27IDwI785YMY0KLt3co/c0cQ5foxHYv/shC2w8oOnVwz5Ubq1QG5KzrcW+AXk6gzdnxIkDnTvzu3g=="
  "resolved" "https://registry.npmjs.org/@types/node/-/node-14.17.9.tgz"
  "version" "14.17.9"

"@types/text-encoding-utf-8@^1.0.1":
  "integrity" "sha512-AQ6zewa0ucLJvtUi5HsErbOFKAcQfRLt9zFLlUOvcXBy2G36a+ZDpCHSGdzJVUD8aNURtIjh9aSjCStNMRCcRQ=="
  "resolved" "https://registry.npmjs.org/@types/text-encoding-utf-8/-/text-encoding-utf-8-1.0.2.tgz"
  "version" "1.0.2"

"ansi-styles@^3.2.1":
  "integrity" "sha512-VT0ZI6kZRdTh8YyJw3SMbYm/u+NqfsAxEpWO0Pf9sq8/e94WxxOpPKx9FR1FlyCtOVDNOQ+8ntlqFxiRc+r5qA=="
  "resolved" "https://registry.npmjs.org/ansi-styles/-/ansi-styles-3.2.1.tgz"
  "version" "3.2.1"
  dependencies:
    "color-convert" "^1.9.0"

"apache-arrow@^4.0.0":
  "integrity" "sha512-DyF7GXCbSjsw4P5C8b+qW7OnJKa6w9mJI0mhV0+EfZbVZCmhfiF6ffqcnrI/kzBrRqn9hH/Ft9n5+m4DTbBJpg=="
  "resolved" "https://registry.npmjs.org/apache-arrow/-/apache-arrow-4.0.1.tgz"
  "version" "4.0.1"
  dependencies:
    "@types/flatbuffers" "^1.10.0"
    "@types/node" "^14.14.37"
    "@types/text-encoding-utf-8" "^1.0.1"
    "command-line-args" "5.1.1"
    "command-line-usage" "6.1.1"
    "flatbuffers" "1.12.0"
    "json-bignum" "^0.0.3"
    "pad-left" "^2.1.0"
    "text-encoding-utf-8" "^1.0.2"
    "tslib" "^2.2.0"

"array-back@^3.0.1":
  "integrity" "sha512-TkuxA4UCOvxuDK6NZYXCalszEzj+TLszyASooky+i742l9TqsOdYCMJJupxRic61hwquNtppB3hgcuq9SVSH1Q=="
  "resolved" "https://registry.npmjs.org/array-back/-/array-back-3.1.0.tgz"
  "version" "3.1.0"

"array-back@^4.0.1":
  "integrity" "sha512-NbdMezxqf94cnNfWLL7V/im0Ub+Anbb0IoZhvzie8+4HJ4nMQuzHuy49FkGYCJK2yAloZ3meiB6AVMClbrI1vg=="
  "resolved" "https://registry.npmjs.org/array-back/-/array-back-4.0.2.tgz"
  "version" "4.0.2"

"bootstrap-slider@^10.0.0":
  "integrity" "sha512-8JTPZB9QVOdrGzYF3YgC3YW6ssfPeBvBwZnXffiZ7YH/zz1D0EKlZvmQsm/w3N0XjVNYQEoQ0ax+jHrErV4K1Q=="
  "resolved" "https://registry.npmjs.org/bootstrap-slider/-/bootstrap-slider-10.6.2.tgz"
  "version" "10.6.2"

"bootstrap-slider@9.9.0":
  "integrity" "sha1-ThTsxkAZAdod33aBqiTjOwDa3Og="
  "resolved" "https://registry.npmjs.org/bootstrap-slider/-/bootstrap-slider-9.9.0.tgz"
  "version" "9.9.0"

"cartocolor@^4.0.2":
  "integrity" "sha512-+Gh9mb6lFxsDOLQlBLPxAHCnWXlg2W8q3AcVwqRcy95TdBbcOU89Wrb6h2Hd/6Ww1Kc1pzXmUdpnWD+xeCG0dg=="
  "resolved" "https://registry.npmjs.org/cartocolor/-/cartocolor-4.0.2.tgz"
  "version" "4.0.2"
  dependencies:
    "colorbrewer" "1.0.0"

"chalk@^2.4.2":
  "integrity" "sha512-Mti+f9lpJNcwF4tWV8/OrTTtF1gZi+f8FqlyAdouralcFWFQWF2+NgCHShjkCb+IFBLq9buZwE1xckQU4peSuQ=="
  "resolved" "https://registry.npmjs.org/chalk/-/chalk-2.4.2.tgz"
  "version" "2.4.2"
  dependencies:
    "ansi-styles" "^3.2.1"
    "escape-string-regexp" "^1.0.5"
    "supports-color" "^5.3.0"

"color-convert@^1.9.0":
  "integrity" "sha512-QfAUtd+vFdAtFQcC8CCyYt1fYWxSqAiK2cSD6zDB8N3cpsEBAvRxp9zOGg6G/SHHJYAT88/az/IuDGALsNVbGg=="
  "resolved" "https://registry.npmjs.org/color-convert/-/color-convert-1.9.3.tgz"
  "version" "1.9.3"
  dependencies:
    "color-name" "1.1.3"

"color-name@1.1.3":
  "integrity" "sha1-p9BVi9icQveV3UIyj3QIMcpTvCU="
  "resolved" "https://registry.npmjs.org/color-name/-/color-name-1.1.3.tgz"
  "version" "1.1.3"

"colorbrewer@1.0.0":
  "integrity" "sha1-T5czO5abp2Ejgr5LwzlLNB+0yKI="
  "resolved" "https://registry.npmjs.org/colorbrewer/-/colorbrewer-1.0.0.tgz"
  "version" "1.0.0"

"command-line-args@5.1.1":
  "integrity" "sha512-hL/eG8lrll1Qy1ezvkant+trihbGnaKaeEjj6Scyr3DN+RC7iQ5Rz84IeLERfAWDGo0HBSNAakczwgCilDXnWg=="
  "resolved" "https://registry.npmjs.org/command-line-args/-/command-line-args-5.1.1.tgz"
  "version" "5.1.1"
  dependencies:
    "array-back" "^3.0.1"
    "find-replace" "^3.0.0"
    "lodash.camelcase" "^4.3.0"
    "typical" "^4.0.0"

"command-line-usage@6.1.1":
  "integrity" "sha512-F59pEuAR9o1SF/bD0dQBDluhpT4jJQNWUHEuVBqpDmCUo6gPjCi+m9fCWnWZVR/oG6cMTUms4h+3NPl74wGXvA=="
  "resolved" "https://registry.npmjs.org/command-line-usage/-/command-line-usage-6.1.1.tgz"
  "version" "6.1.1"
  dependencies:
    "array-back" "^4.0.1"
    "chalk" "^2.4.2"
    "table-layout" "^1.0.1"
    "typical" "^5.2.0"

"commander@^2.20.3", "commander@2":
  "integrity" "sha512-GpVkmM8vF2vQUkj2LvZmD35JxeJOLCwJ9cUkugyk2nuhbv3+mJvpLYYt+0+USMxE+oj+ey/lJEnhZw75x/OMcQ=="
  "resolved" "https://registry.npmjs.org/commander/-/commander-2.20.3.tgz"
  "version" "2.20.3"

"csscolorparser@~1.0.3":
  "integrity" "sha1-s085HupNqPPpgjHizNjfnAQfFxs="
  "resolved" "https://registry.npmjs.org/csscolorparser/-/csscolorparser-1.0.3.tgz"
  "version" "1.0.3"

"cssfilter@0.0.10":
  "integrity" "sha1-xtJnJjKi5cg+AT5oZKQs6N79IK4="
  "resolved" "https://registry.npmjs.org/cssfilter/-/cssfilter-0.0.10.tgz"
  "version" "0.0.10"

"d3-array@^1.2.4":
  "integrity" "sha512-KHW6M86R+FUPYGb3R5XiYjXPq7VzwxZ22buHhAEVG5ztoEcZZMLov530mmccaqA1GghZArjQV46fuc8kUqhhHw=="
  "resolved" "https://registry.npmjs.org/d3-array/-/d3-array-1.2.4.tgz"
  "version" "1.2.4"

"d3-array@^2.3.0":
  "integrity" "sha512-B0ErZK/66mHtEsR1TkPEEkwdy+WDesimkM5gpZr5Dsg54BiTA5RXtYW5qTLIAcekaS9xfZrzBLF/OAkB3Qn1YQ=="
  "resolved" "https://registry.npmjs.org/d3-array/-/d3-array-2.12.1.tgz"
  "version" "2.12.1"
  dependencies:
    "internmap" "^1.0.0"

"d3-array@2":
  "integrity" "sha512-B0ErZK/66mHtEsR1TkPEEkwdy+WDesimkM5gpZr5Dsg54BiTA5RXtYW5qTLIAcekaS9xfZrzBLF/OAkB3Qn1YQ=="
  "resolved" "https://registry.npmjs.org/d3-array/-/d3-array-2.12.1.tgz"
  "version" "2.12.1"
  dependencies:
    "internmap" "^1.0.0"

"d3-color@^1.4.1", "d3-color@1 - 2":
  "integrity" "sha512-p2sTHSLCJI2QKunbGb7ocOh7DgTAn8IrLx21QRc/BSnodXM4sv6aLQlnfpvehFMLZEfBc6g9pH9SWQccFYfJ9Q=="
  "resolved" "https://registry.npmjs.org/d3-color/-/d3-color-1.4.1.tgz"
  "version" "1.4.1"

"d3-dsv@^1.0.8", "d3-dsv@^1.2.0":
  "integrity" "sha512-9yVlqvZcSOMhCYzniHE7EVUws7Fa1zgw+/EAV2BxJoG3ME19V6BQFBwI855XQDsxyOuG7NibqRMTtiF/Qup46g=="
  "resolved" "https://registry.npmjs.org/d3-dsv/-/d3-dsv-1.2.0.tgz"
  "version" "1.2.0"
  dependencies:
    "commander" "2"
    "iconv-lite" "0.4"
    "rw" "1"

"d3-format@1 - 2":
  "integrity" "sha512-Ab3S6XuE/Q+flY96HXT0jOXcM4EAClYFnRGY5zsjRGNy6qCYrQsMffs7cV5Q9xejb35zxW5hf/guKw34kvIKsA=="
  "resolved" "https://registry.npmjs.org/d3-format/-/d3-format-2.0.0.tgz"
  "version" "2.0.0"

"d3-hexbin@^0.2.1":
  "integrity" "sha1-nFg32s/UcasFM3qeke8Qv8T5iDE="
  "resolved" "https://registry.npmjs.org/d3-hexbin/-/d3-hexbin-0.2.2.tgz"
  "version" "0.2.2"

"d3-interpolate@1.2.0 - 2":
  "integrity" "sha512-c5UhwwTs/yybcmTpAVqwSFl6vrQ8JZJoT5F7xNFK9pymv5C0Ymcc9/LIJHtYIggg/yS9YHw8i8O8tgb9pupjeQ=="
  "resolved" "https://registry.npmjs.org/d3-interpolate/-/d3-interpolate-2.0.1.tgz"
  "version" "2.0.1"
  dependencies:
    "d3-color" "1 - 2"

"d3-scale@^3.0.0", "d3-scale@^3.2.3":
  "integrity" "sha512-1JGp44NQCt5d1g+Yy+GeOnZP7xHo0ii8zsQp6PGzd+C1/dl0KGsp9A7Mxwp+1D1o4unbTTxVdU/ZOIEBoeZPbQ=="
  "resolved" "https://registry.npmjs.org/d3-scale/-/d3-scale-3.3.0.tgz"
  "version" "3.3.0"
  dependencies:
    "d3-array" "^2.3.0"
    "d3-format" "1 - 2"
    "d3-interpolate" "1.2.0 - 2"
    "d3-time" "^2.1.1"
    "d3-time-format" "2 - 3"

"d3-time-format@2 - 3":
  "integrity" "sha512-UXJh6EKsHBTjopVqZBhFysQcoXSv/5yLONZvkQ5Kk3qbwiUYkdX17Xa1PT6U1ZWXGGfB1ey5L8dKMlFq2DO0Ag=="
  "resolved" "https://registry.npmjs.org/d3-time-format/-/d3-time-format-3.0.0.tgz"
  "version" "3.0.0"
  dependencies:
    "d3-time" "1 - 2"

"d3-time@^2.1.1", "d3-time@1 - 2":
  "integrity" "sha512-/eIQe/eR4kCQwq7yxi7z4c6qEXf2IYGcjoWB5OOQy4Tq9Uv39/947qlDcN2TLkiTzQWzvnsuYPB9TrWaNfipKQ=="
  "resolved" "https://registry.npmjs.org/d3-time/-/d3-time-2.1.1.tgz"
  "version" "2.1.1"
  dependencies:
    "d3-array" "2"

"deck.gl@8.5.2":
  "integrity" "sha512-tsEyv62Zzc+GT3By0Y1R2gqEJ8K3tGBDaLprAoeAsg7fvIa5ikFBdWEBFHa1UDbgE2UEmYbcBK/yK4GAL8Ia4A=="
  "resolved" "https://registry.npmjs.org/deck.gl/-/deck.gl-8.5.2.tgz"
  "version" "8.5.2"
  dependencies:
    "@deck.gl/aggregation-layers" "8.5.2"
    "@deck.gl/carto" "8.5.2"
    "@deck.gl/core" "8.5.2"
    "@deck.gl/extensions" "8.5.2"
    "@deck.gl/geo-layers" "8.5.2"
    "@deck.gl/google-maps" "8.5.2"
    "@deck.gl/json" "8.5.2"
    "@deck.gl/layers" "8.5.2"
    "@deck.gl/mapbox" "8.5.2"
    "@deck.gl/mesh-layers" "8.5.2"
    "@deck.gl/react" "8.5.2"

"deep-extend@~0.6.0":
  "integrity" "sha512-LOHxIOaPYdHlJRtCQfDIVZtfw/ufM8+rVj649RIHzcm/vGwQRXFt6OPqIFWsm2XEMrNIEtWR64sY1LEKD2vAOA=="
  "resolved" "https://registry.npmjs.org/deep-extend/-/deep-extend-0.6.0.tgz"
  "version" "0.6.0"

"draco3d@1.4.1":
  "integrity" "sha512-9Rxonc70xiovBC+Bq1h57SNZIHzWTibU1VfIGp5z3Xx8dPtv4yT5uGhiH7P5uvJRR2jkrvHafRxR7bTANkvfpg=="
  "resolved" "https://registry.npmjs.org/draco3d/-/draco3d-1.4.1.tgz"
  "version" "1.4.1"

"earcut@^2.0.6", "earcut@^2.2.2":
  "integrity" "sha512-iRDI1QeCQIhMCZk48DRDMVgQSSBDmbzzNhnxIo+pwx3swkfjMh6vh0nWLq1NdvGHLKH6wIrAM3vQWeTj6qeoug=="
  "resolved" "https://registry.npmjs.org/earcut/-/earcut-2.2.3.tgz"
  "version" "2.2.3"

"es6bindall@^0.0.9":
  "integrity" "sha1-ceAK+mn43VmsWsiYoNMcl434F9U="
  "resolved" "https://registry.npmjs.org/es6bindall/-/es6bindall-0.0.9.tgz"
  "version" "0.0.9"

"escape-string-regexp@^1.0.5":
  "integrity" "sha1-G2HAViGQqN/2rjuyzwIAyhMLhtQ="
  "resolved" "https://registry.npmjs.org/escape-string-regexp/-/escape-string-regexp-1.0.5.tgz"
  "version" "1.0.5"

"expression-eval@^2.0.0":
  "integrity" "sha512-FUJO/Akvl/JOWkvlqZaqbkhsEWlCJWDeZG4tzX96UH68D9FeRgYgtb55C2qtqbORC0Q6x5419EDjWu4IT9kQfg=="
  "resolved" "https://registry.npmjs.org/expression-eval/-/expression-eval-2.1.0.tgz"
  "version" "2.1.0"
  dependencies:
    "jsep" "^0.3.0"

"find-replace@^3.0.0":
  "integrity" "sha512-6Tb2myMioCAgv5kfvP5/PkZZ/ntTpVK39fHY7WkWBgvbeE+VHd/tZuZ4mrC+bxh4cfOZeYKVPaJIZtZXV7GNCQ=="
  "resolved" "https://registry.npmjs.org/find-replace/-/find-replace-3.0.0.tgz"
  "version" "3.0.0"
  dependencies:
    "array-back" "^3.0.1"

"flatbuffers@1.12.0":
  "integrity" "sha512-c7CZADjRcl6j0PlvFy0ZqXQ67qSEZfrVPynmnL+2zPc+NtMvrF8Y0QceMo7QqnSPc7+uWjUIAbvCQ5WIKlMVdQ=="
  "resolved" "https://registry.npmjs.org/flatbuffers/-/flatbuffers-1.12.0.tgz"
  "version" "1.12.0"

"geojson-vt@^3.2.1":
  "integrity" "sha512-EvGQQi/zPrDA6zr6BnJD/YhwAkBP8nnJ9emh3EnHQKVMfg/MRVtPbMYdgVy/IaEmn4UfagD2a6fafPDL5hbtwg=="
  "resolved" "https://registry.npmjs.org/geojson-vt/-/geojson-vt-3.2.1.tgz"
  "version" "3.2.1"

"get-stream@^6.0.1":
  "integrity" "sha512-ts6Wi+2j3jQjqi70w5AlN8DFnkSwC+MqmxEzdEALB2qXZYV3X/b1CTfgPLGJNMeAWxdPfU8FO1ms3NUfaHCPYg=="
  "resolved" "https://registry.npmjs.org/get-stream/-/get-stream-6.0.1.tgz"
  "version" "6.0.1"

"gl-matrix@^3.0.0", "gl-matrix@^3.3.0":
  "integrity" "sha512-COb7LDz+SXaHtl/h4LeaFcNdJdAQSDeVqjiIihSXNrkWObZLhDI4hIkZC11Aeqp7bcE72clzB0BnDXr2SmslRA=="
  "resolved" "https://registry.npmjs.org/gl-matrix/-/gl-matrix-3.3.0.tgz"
  "version" "3.3.0"

"grid-index@^1.1.0":
  "integrity" "sha512-HZRwumpOGUrHyxO5bqKZL0B0GlUpwtCAzZ42sgxUPniu33R1LSFH5yrIcBCHjkctCAh3mtWKcKd9J4vDDdeVHA=="
  "resolved" "https://registry.npmjs.org/grid-index/-/grid-index-1.1.0.tgz"
  "version" "1.1.0"

"h3-js@^3.6.0":
  "integrity" "sha512-LPjlHSwB9zQZrMqKloCZmmmt3yZzIK7nqPcXqwU93zT3TtYG6jP4tZBzAPouxut7lLjdFbMQ75wRBiKfpsnY7w=="
  "resolved" "https://registry.npmjs.org/h3-js/-/h3-js-3.7.2.tgz"
  "version" "3.7.2"

"hammerjs@^2.0.8":
  "integrity" "sha1-BO93hiz/K7edMPdpIJWTAiK/YPE="
  "resolved" "https://registry.npmjs.org/hammerjs/-/hammerjs-2.0.8.tgz"
  "version" "2.0.8"

"has-flag@^3.0.0":
  "integrity" "sha1-tdRU3CGZriJWmfNGfloH87lVuv0="
  "resolved" "https://registry.npmjs.org/has-flag/-/has-flag-3.0.0.tgz"
  "version" "3.0.0"

"iconv-lite@0.4":
  "integrity" "sha512-v3MXnZAcvnywkTUEZomIActle7RXXeedOR31wwl7VlyoXO4Qi9arvSenNQWne1TcRwhCL1HwLI21bEqdpj8/rA=="
  "resolved" "https://registry.npmjs.org/iconv-lite/-/iconv-lite-0.4.24.tgz"
  "version" "0.4.24"
  dependencies:
    "safer-buffer" ">= 2.1.2 < 3"

"ieee754@^1.1.12":
  "integrity" "sha512-dcyqhDvX1C46lXZcVqCpK+FtMRQVdIMN6/Df5js2zouUsqG7I6sFxitIC+7KYK29KdXOLHdu9zL4sFnoVQnqaA=="
  "resolved" "https://registry.npmjs.org/ieee754/-/ieee754-1.2.1.tgz"
  "version" "1.2.1"

"internmap@^1.0.0":
  "integrity" "sha512-lDB5YccMydFBtasVtxnZ3MRBHuaoE8GKsppq+EchKL2U4nK/DmEpPHNH8MZe5HkMtpSiTSOZwfN0tzYjO/lJEw=="
  "resolved" "https://registry.npmjs.org/internmap/-/internmap-1.0.1.tgz"
  "version" "1.0.1"

"jquery@^3.4.1":
  "integrity" "sha512-JVzAR/AjBvVt2BmYhxRCSYysDsPcssdmTFnzyLEts9qNwmjmu4JTAMYubEfwVOSwpQ1I1sKKFcxhZCI2buerfw=="
  "resolved" "https://registry.npmjs.org/jquery/-/jquery-3.6.0.tgz"
  "version" "3.6.0"

"js-tokens@^3.0.0 || ^4.0.0":
  "integrity" "sha512-RdJUflcE3cUzKiMqQgsCu06FPu9UdIJO0beYbPhHN4k6apgJtifcoCtT9bcxOpYBtpD2kCM6Sbzg4CausW/PKQ=="
  "resolved" "https://registry.npmjs.org/js-tokens/-/js-tokens-4.0.0.tgz"
  "version" "4.0.0"

"jsep@^0.3.0":
  "integrity" "sha512-AoRLBDc6JNnKjNcmonituEABS5bcfqDhQAWWXNTFrqu6nVXBpBAGfcoTGZMFlIrh9FjmE1CQyX9CTNwZrXMMDA=="
  "resolved" "https://registry.npmjs.org/jsep/-/jsep-0.3.5.tgz"
  "version" "0.3.5"

"json-bignum@^0.0.3":
  "integrity" "sha1-QRY7UENsdz2CQk28IO1w23YEuNc="
  "resolved" "https://registry.npmjs.org/json-bignum/-/json-bignum-0.0.3.tgz"
  "version" "0.0.3"

"kdbush@^3.0.0":
  "integrity" "sha512-hRkd6/XW4HTsA9vjVpY9tuXJYLSlelnkTmVFu4M9/7MIYQtFcHpbugAU7UbOfjOiVSVYl2fqgBuJ32JUmRo5Ew=="
  "resolved" "https://registry.npmjs.org/kdbush/-/kdbush-3.0.0.tgz"
  "version" "3.0.0"

"lodash.camelcase@^4.3.0":
  "integrity" "sha1-soqmKIorn8ZRA1x3EfZathkDMaY="
  "resolved" "https://registry.npmjs.org/lodash.camelcase/-/lodash.camelcase-4.3.0.tgz"
  "version" "4.3.0"

"lodash@^4.17.15":
  "integrity" "sha512-v2kDEe57lecTulaDIuNTPy3Ry4gLGJ6Z1O3vE1krgXZNrsQ+LFTGHVxVjcXPs17LhbZVGedAJv8XZ1tvj5FvSg=="
  "resolved" "https://registry.npmjs.org/lodash/-/lodash-4.17.21.tgz"
  "version" "4.17.21"

"long@^3.2.0":
  "integrity" "sha1-2CG3E4yhy1gcFymQ7xTbIAtcR0s="
  "resolved" "https://registry.npmjs.org/long/-/long-3.2.0.tgz"
  "version" "3.2.0"

"loose-envify@^1.4.0":
  "integrity" "sha512-lyuxPGr/Wfhrlem2CL/UcnUc1zcqKAImBDzukY7Y5F/yQiNdko6+fRLevlw1HgMySw7f611UIY408EtxRSoK3Q=="
  "resolved" "https://registry.npmjs.org/loose-envify/-/loose-envify-1.4.0.tgz"
  "version" "1.4.0"
  dependencies:
    "js-tokens" "^3.0.0 || ^4.0.0"

"mapbox-gl@^2.3.0", "mapbox-gl@^2.4.0":
  "integrity" "sha512-oH5fkh209U2Zqvgs1bBS+SQVhrj8rUT9OTgZmg+20GaNthDJFYDCXvGidVAkgacuCHSIALTZKzMV1DFgO+isFQ=="
  "resolved" "https://registry.npmjs.org/mapbox-gl/-/mapbox-gl-2.4.0.tgz"
  "version" "2.4.0"
  dependencies:
    "@mapbox/geojson-rewind" "^0.5.0"
    "@mapbox/geojson-types" "^1.0.2"
    "@mapbox/jsonlint-lines-primitives" "^2.0.2"
    "@mapbox/mapbox-gl-supported" "^2.0.0"
    "@mapbox/point-geometry" "^0.1.0"
    "@mapbox/tiny-sdf" "^1.2.5"
    "@mapbox/unitbezier" "^0.0.0"
    "@mapbox/vector-tile" "^1.3.1"
    "@mapbox/whoots-js" "^3.1.0"
    "csscolorparser" "~1.0.3"
    "earcut" "^2.2.2"
    "geojson-vt" "^3.2.1"
    "gl-matrix" "^3.3.0"
    "grid-index" "^1.1.0"
    "minimist" "^1.2.5"
    "murmurhash-js" "^1.0.0"
    "pbf" "^3.2.1"
    "potpack" "^1.0.1"
    "quickselect" "^2.0.0"
    "rw" "^1.3.3"
    "supercluster" "^7.1.3"
    "tinyqueue" "^2.0.3"
    "vt-pbf" "^3.1.1"

"math.gl@^3.5.3":
  "integrity" "sha512-cRQRZlc+XvNHd3bIfu3kdPPPAW0vwDelZJmkjn2TDvCyPcmyDtAiZ2Poo1aFoINP7HzN6oHYxapc/0wV3q6Opg=="
  "resolved" "https://registry.npmjs.org/math.gl/-/math.gl-3.5.3.tgz"
  "version" "3.5.3"
  dependencies:
    "@math.gl/core" "3.5.3"

"minimist@^1.2.5":
  "integrity" "sha512-FM9nNUYrRBAELZQT3xeZQ7fmMOBg6nWNmJKTcgsJeaLstP/UODVpGsr5OhXhhXg6f+qtJ8uiZ+PUxkDWcgIXLw=="
  "resolved" "https://registry.npmjs.org/minimist/-/minimist-1.2.5.tgz"
  "version" "1.2.5"

"mjolnir.js@^2.5.0":
  "integrity" "sha512-rGA7+BJKvXI0ypxQD/+rQE/sW26kmc8UIZWhmQrjhwCf/zvhbcBlsu2vPB6w0Kv/rVnVFEONTSQqC0vFEpQvIA=="
  "resolved" "https://registry.npmjs.org/mjolnir.js/-/mjolnir.js-2.6.0.tgz"
  "version" "2.6.0"
  dependencies:
    "@babel/runtime" "^7.0.0"
    "hammerjs" "^2.0.8"

"moment@^2.20.1":
  "integrity" "sha512-kHmoybcPV8Sqy59DwNDY3Jefr64lK/by/da0ViFcuA4DH0vQg5Q6Ze5VimxkfQNSC+Mls/Kx53s7TjP1RhFEDQ=="
  "resolved" "https://registry.npmjs.org/moment/-/moment-2.29.1.tgz"
  "version" "2.29.1"

"mousetrap@^1.6.1":
  "integrity" "sha512-QNo4kEepaIBwiT8CDhP98umTetp+JNfQYBWvC1pc6/OAibuXtRcxZ58Qz8skvEHYvURne/7R8T5VoOI7rDsEUA=="
  "resolved" "https://registry.npmjs.org/mousetrap/-/mousetrap-1.6.5.tgz"
  "version" "1.6.5"

"murmurhash-js@^1.0.0":
  "integrity" "sha1-sGJ44h/Gw3+lMTcysEEry2rhX1E="
  "resolved" "https://registry.npmjs.org/murmurhash-js/-/murmurhash-js-1.0.0.tgz"
  "version" "1.0.0"

"object-assign@^4.1.1":
  "integrity" "sha1-IQmtx5ZYh8/AXLvUQsrIv7s2CGM="
  "resolved" "https://registry.npmjs.org/object-assign/-/object-assign-4.1.1.tgz"
  "version" "4.1.1"

"pad-left@^2.1.0":
  "integrity" "sha1-FuajstRKjhOMsIOMx8tAOk/J6ZQ="
  "resolved" "https://registry.npmjs.org/pad-left/-/pad-left-2.1.0.tgz"
  "version" "2.1.0"
  dependencies:
    "repeat-string" "^1.5.4"

"pbf@^3.2.1":
  "integrity" "sha512-ClrV7pNOn7rtmoQVF4TS1vyU0WhYRnP92fzbfF75jAIwpnzdJXf8iTd4CMEqO4yUenH6NDqLiwjqlh6QgZzgLQ=="
  "resolved" "https://registry.npmjs.org/pbf/-/pbf-3.2.1.tgz"
  "version" "3.2.1"
  dependencies:
    "ieee754" "^1.1.12"
    "resolve-protobuf-schema" "^2.1.0"

"potpack@^1.0.1":
  "integrity" "sha512-15vItUAbViaYrmaB/Pbw7z6qX2xENbFSTA7Ii4tgbPtasxm5v6ryKhKtL91tpWovDJzTiZqdwzhcFBCwiMVdVw=="
  "resolved" "https://registry.npmjs.org/potpack/-/potpack-1.0.1.tgz"
  "version" "1.0.1"

"probe.gl@^3.4.0":
  "integrity" "sha512-9CLByZATuhuG/Viq3ckfWU+dAhb7dMmjzsyCy4s7ds9ueTejcVRENxL197/XacOK/AN61YrEERB0QnouB0Qc0Q=="
  "resolved" "https://registry.npmjs.org/probe.gl/-/probe.gl-3.4.0.tgz"
  "version" "3.4.0"
  dependencies:
    "@babel/runtime" "^7.0.0"
    "@probe.gl/stats" "3.4.0"

"prop-types@^15.6.0", "prop-types@^15.7.2":
  "integrity" "sha512-8QQikdH7//R2vurIJSutZ1smHYTcLpRWEOlHnzcWHmBYrOGUysKwSsrC89BCiFj3CbrfJ/nXFdJepOVrY1GCHQ=="
  "resolved" "https://registry.npmjs.org/prop-types/-/prop-types-15.7.2.tgz"
  "version" "15.7.2"
  dependencies:
    "loose-envify" "^1.4.0"
    "object-assign" "^4.1.1"
    "react-is" "^16.8.1"

"protocol-buffers-schema@^3.3.1":
  "integrity" "sha512-YVCvdhxWNDP8/nJDyXLuM+UFsuPk4+1PB7WGPVDzm3HTHbzFLxQYeW2iZpS4mmnXrQJGBzt230t/BbEb7PrQaw=="
  "resolved" "https://registry.npmjs.org/protocol-buffers-schema/-/protocol-buffers-schema-3.5.1.tgz"
  "version" "3.5.1"

"quickselect@^2.0.0":
  "integrity" "sha512-RKJ22hX8mHe3Y6wH/N3wCM6BWtjaxIyyUIkpHOvfFnxdI4yD4tBXEBKSbriGujF6jnSVkJrffuo6vxACiSSxIw=="
  "resolved" "https://registry.npmjs.org/quickselect/-/quickselect-2.0.0.tgz"
  "version" "2.0.0"

"react-bootstrap-slider@2.1.5":
  "integrity" "sha512-7rO3JlCVIpr+XtwiSfg8r+MPqyl9KdLI61pNuSMBYYQZ42IWBC+kk/UDyYevp76aGAMtd9SCW8erxOvq+VpekQ=="
  "resolved" "https://registry.npmjs.org/react-bootstrap-slider/-/react-bootstrap-slider-2.1.5.tgz"
  "version" "2.1.5"
  dependencies:
    "bootstrap-slider" "9.9.0"
    "es6bindall" "^0.0.9"

"react-is@^16.8.1":
  "integrity" "sha512-24e6ynE2H+OKt4kqsOvNd8kBpV65zoxbA4BVsEOB3ARVWQki/DHzaUoC5KuON/BiccDaCCTZBuOcfZs70kR8bQ=="
  "resolved" "https://registry.npmjs.org/react-is/-/react-is-16.13.1.tgz"
  "version" "16.13.1"

"react-map-gl@^6.1.16":
  "integrity" "sha512-d/4kFMMh2hDeZNeQOUm2wC1/as9q93EZiDmM5mGBx0LIch+9pTFgO6ZINIuUD9Zz4JqWGpthyjoKr3QKgrGiRA=="
  "resolved" "https://registry.npmjs.org/react-map-gl/-/react-map-gl-6.1.16.tgz"
  "version" "6.1.16"
  dependencies:
    "@babel/runtime" "^7.0.0"
    "@types/geojson" "^7946.0.7"
    "@types/mapbox-gl" "^2.0.3"
    "mapbox-gl" "^2.3.0"
    "mjolnir.js" "^2.5.0"
    "prop-types" "^15.7.2"
    "resize-observer-polyfill" "^1.5.1"
    "viewport-mercator-project" "^7.0.3"

"reduce-flatten@^2.0.0":
  "integrity" "sha512-EJ4UNY/U1t2P/2k6oqotuX2Cc3T6nxJwsM0N0asT7dhrtH1ltUxDn4NalSYmPE2rCkVpcf/X6R0wDwcFpzhd4w=="
  "resolved" "https://registry.npmjs.org/reduce-flatten/-/reduce-flatten-2.0.0.tgz"
  "version" "2.0.0"

"regenerator-runtime@^0.13.4":
  "integrity" "sha512-p3VT+cOEgxFsRRA9X4lkI1E+k2/CtnKtU4gcxyaCUreilL/vqI6CdZ3wxVUx3UOUg+gnUOQQcRI7BmSI656MYA=="
  "resolved" "https://registry.npmjs.org/regenerator-runtime/-/regenerator-runtime-0.13.9.tgz"
  "version" "0.13.9"

"repeat-string@^1.5.4":
  "integrity" "sha1-jcrkcOHIirwtYA//Sndihtp15jc="
  "resolved" "https://registry.npmjs.org/repeat-string/-/repeat-string-1.6.1.tgz"
  "version" "1.6.1"

"resize-observer-polyfill@^1.5.1":
  "integrity" "sha512-LwZrotdHOo12nQuZlHEmtuXdqGoOD0OhaxopaNFxWzInpEgaLWoVuAMbTzixuosCx2nEG58ngzW3vxdWoxIgdg=="
  "resolved" "https://registry.npmjs.org/resize-observer-polyfill/-/resize-observer-polyfill-1.5.1.tgz"
  "version" "1.5.1"

"resolve-protobuf-schema@^2.1.0":
  "integrity" "sha512-kI5ffTiZWmJaS/huM8wZfEMer1eRd7oJQhDuxeCLe3t7N7mX3z94CN0xPxBQxFYQTSNz9T0i+v6inKqSdK8xrQ=="
  "resolved" "https://registry.npmjs.org/resolve-protobuf-schema/-/resolve-protobuf-schema-2.1.0.tgz"
  "version" "2.1.0"
  dependencies:
    "protocol-buffers-schema" "^3.3.1"

"rw@^1.3.3", "rw@1":
  "integrity" "sha1-P4Yt+pGrdmsUiF700BEkv9oHT7Q="
  "resolved" "https://registry.npmjs.org/rw/-/rw-1.3.3.tgz"
  "version" "1.3.3"

"safer-buffer@>= 2.1.2 < 3":
  "integrity" "sha512-YZo3K82SD7Riyi0E1EQPojLz7kpepnSQI9IyPbHHg1XXXevb5dJI7tpyN2ADxGcQbHG7vcyRHk0cbwqcQriUtg=="
  "resolved" "https://registry.npmjs.org/safer-buffer/-/safer-buffer-2.1.2.tgz"
  "version" "2.1.2"

"supercluster@^7.1.3":
  "integrity" "sha512-7+bR4FbF5SYsmkHfDp61QiwCKtwNDyPsddk9TzfsDA5DQr5Goii5CVD2SXjglweFCxjrzVZf945ahqYfUIk8UA=="
  "resolved" "https://registry.npmjs.org/supercluster/-/supercluster-7.1.3.tgz"
  "version" "7.1.3"
  dependencies:
    "kdbush" "^3.0.0"

"supports-color@^5.3.0":
  "integrity" "sha512-QjVjwdXIt408MIiAqCX4oUKsgU2EqAGzs2Ppkm4aQYbjm+ZEWEcW4SfFNTr4uMNZma0ey4f5lgLrkB0aX0QMow=="
  "resolved" "https://registry.npmjs.org/supports-color/-/supports-color-5.5.0.tgz"
  "version" "5.5.0"
  dependencies:
    "has-flag" "^3.0.0"

"table-layout@^1.0.1":
  "integrity" "sha512-qd/R7n5rQTRFi+Zf2sk5XVVd9UQl6ZkduPFC3S7WEGJAmetDTjY3qPN50eSKzwuzEyQKy5TN2TiZdkIjos2L6A=="
  "resolved" "https://registry.npmjs.org/table-layout/-/table-layout-1.0.2.tgz"
  "version" "1.0.2"
  dependencies:
    "array-back" "^4.0.1"
    "deep-extend" "~0.6.0"
    "typical" "^5.2.0"
    "wordwrapjs" "^4.0.0"

"text-encoding-utf-8@^1.0.2":
  "integrity" "sha512-8bw4MY9WjdsD2aMtO0OzOCY3pXGYNx2d2FfHRVUKkiCPDWjKuOlhLVASS+pD7VkLTVjW268LYJHwsnPFlBpbAg=="
  "resolved" "https://registry.npmjs.org/text-encoding-utf-8/-/text-encoding-utf-8-1.0.2.tgz"
  "version" "1.0.2"

"tinyqueue@^2.0.3":
  "integrity" "sha512-ppJZNDuKGgxzkHihX8v9v9G5f+18gzaTfrukGrq6ueg0lmH4nqVnA2IPG0AEH3jKEk2GRJCUhDoqpoiw3PHLBA=="
  "resolved" "https://registry.npmjs.org/tinyqueue/-/tinyqueue-2.0.3.tgz"
  "version" "2.0.3"

"tslib@^2.2.0":
  "integrity" "sha512-N82ooyxVNm6h1riLCoyS9e3fuJ3AMG2zIZs2Gd1ATcSFjSA23Q0fzjjZeh0jbJvWVDZ0cJT8yaNNaaXHzueNjg=="
  "resolved" "https://registry.npmjs.org/tslib/-/tslib-2.3.0.tgz"
  "version" "2.3.0"

"typical@^4.0.0":
  "integrity" "sha512-VAH4IvQ7BDFYglMd7BPRDfLgxZZX4O4TFcRDA6EN5X7erNJJq+McIEp8np9aVtxrCJ6qx4GTYVfOWNjcqwZgRw=="
  "resolved" "https://registry.npmjs.org/typical/-/typical-4.0.0.tgz"
  "version" "4.0.0"

"typical@^5.2.0":
  "integrity" "sha512-dvdQgNDNJo+8B2uBQoqdb11eUCE1JQXhvjC/CZtgvZseVd5TYMXnq0+vuUemXbd/Se29cTaUuPX3YIc2xgbvIg=="
  "resolved" "https://registry.npmjs.org/typical/-/typical-5.2.0.tgz"
  "version" "5.2.0"

"underscore@^1.8.3":
  "integrity" "sha512-hzSoAVtJF+3ZtiFX0VgfFPHEDRm7Y/QPjGyNo4TVdnDTdft3tr8hEkD25a1jC+TjTuE7tkHGKkhwCgs9dgBB2g=="
  "resolved" "https://registry.npmjs.org/underscore/-/underscore-1.13.1.tgz"
  "version" "1.13.1"

"urijs@^1.18.10":
  "integrity" "sha512-Id+IKjdU0Hx+7Zx717jwLPsPeUqz7rAtuVBRLLs+qn+J2nf9NGITWVCxcijgYxBqe83C7sqsQPs6H1pyz3x9gA=="
  "resolved" "https://registry.npmjs.org/urijs/-/urijs-1.19.7.tgz"
  "version" "1.19.7"

"viewport-mercator-project@^7.0.3":
  "integrity" "sha512-5nSgVK8jKTSKzOvsa8TSSd2IeQCpHfSNiBOOOMQLvzlxgWD0YoF4xRmyZio3GaLtKSE+50UB892X3R1SAMbaww=="
  "resolved" "https://registry.npmjs.org/viewport-mercator-project/-/viewport-mercator-project-7.0.3.tgz"
  "version" "7.0.3"
  dependencies:
    "@math.gl/web-mercator" "^3.4.3"

"vt-pbf@^3.1.1":
  "integrity" "sha512-2LzDFzt0mZKZ9IpVF2r69G9bXaP2Q2sArJCmcCgvfTdCCZzSyz4aCLoQyUilu37Ll56tCblIZrXFIjNUpGIlmA=="
  "resolved" "https://registry.npmjs.org/vt-pbf/-/vt-pbf-3.1.3.tgz"
  "version" "3.1.3"
  dependencies:
    "@mapbox/point-geometry" "0.1.0"
    "@mapbox/vector-tile" "^1.3.1"
    "pbf" "^3.2.1"

"wordwrapjs@^4.0.0":
  "integrity" "sha512-kKlNACbvHrkpIw6oPeYDSmdCTu2hdMHoyXLTcUKala++lx5Y+wjJ/e474Jqv5abnVmwxw08DiTuHmw69lJGksA=="
  "resolved" "https://registry.npmjs.org/wordwrapjs/-/wordwrapjs-4.0.1.tgz"
  "version" "4.0.1"
  dependencies:
    "reduce-flatten" "^2.0.0"
    "typical" "^5.2.0"

"xss@^1.0.6":
  "integrity" "sha512-2t7FahYnGJys6DpHLhajusId7R0Pm2yTmuL0GV9+mV0ZlaLSnb2toBmppATfg5sWIhZQGlsTLoecSzya+l4EAQ=="
  "resolved" "https://registry.npmjs.org/xss/-/xss-1.0.9.tgz"
  "version" "1.0.9"
  dependencies:
    "commander" "^2.20.3"
    "cssfilter" "0.0.10"
