# THIS IS AN AUTOGENERATED FILE. DO NOT EDIT THIS FILE DIRECTLY.
# yarn lockfile v1


"@babel/code-frame@^7.0.0":
  version "7.8.3"
  resolved "https://registry.yarnpkg.com/@babel/code-frame/-/code-frame-7.8.3.tgz#33e25903d7481181534e12ec0a25f16b6fcf419e"
  integrity sha512-a9gxpmdXtZEInkCSHUJDLHZVBgb1QS0jhss4cPP93EW7s+uC5bikET2twEF3KV+7rDblJcmNvTR7VJejqd2C2g==
  dependencies:
    "@babel/highlight" "^7.8.3"

"@babel/helper-module-imports@^7.0.0", "@babel/helper-module-imports@^7.0.0-beta.49":
  version "7.8.3"
  resolved "https://registry.yarnpkg.com/@babel/helper-module-imports/-/helper-module-imports-7.8.3.tgz#7fe39589b39c016331b6b8c3f441e8f0b1419498"
  integrity sha512-R0Bx3jippsbAEtzkpZ/6FIiuzOURPcMjHp+Z6xPe6DtApDJx+w7UYyOLanZqO8+wKR9G10s/FmHXvxaMd9s6Kg==
  dependencies:
    "@babel/types" "^7.8.3"

"@babel/helper-validator-identifier@^7.9.0", "@babel/helper-validator-identifier@^7.9.5":
  version "7.9.5"
  resolved "https://registry.yarnpkg.com/@babel/helper-validator-identifier/-/helper-validator-identifier-7.9.5.tgz#90977a8e6fbf6b431a7dc31752eee233bf052d80"
  integrity sha512-/8arLKUFq882w4tWGj9JYzRpAlZgiWUJ+dtteNTDqrRBz9Iguck9Rn3ykuBDoUwh2TO4tSAJlrxDUOXWklJe4g==

"@babel/highlight@^7.8.3":
  version "7.9.0"
  resolved "https://registry.yarnpkg.com/@babel/highlight/-/highlight-7.9.0.tgz#4e9b45ccb82b79607271b2979ad82c7b68163079"
  integrity sha512-lJZPilxX7Op3Nv/2cvFdnlepPXDxi29wxteT57Q965oc5R9v86ztx0jfxVrTcBk8C2kcPkkDa2Z4T3ZsPPVWsQ==
  dependencies:
    "@babel/helper-validator-identifier" "^7.9.0"
    chalk "^2.0.0"
    js-tokens "^4.0.0"

"@babel/runtime@^7.5.5", "@babel/runtime@^7.7.2", "@babel/runtime@^7.9.2":
  version "7.9.2"
  resolved "https://registry.yarnpkg.com/@babel/runtime/-/runtime-7.9.2.tgz#d90df0583a3a252f09aaa619665367bae518db06"
  integrity sha512-NE2DtOdufG7R5vnfQUTehdTfNycfUANEtCa9PssN9O/xmTzP4E08UI797ixaei6hBEVL9BI/PsdJS5x7mWoB9Q==
  dependencies:
    regenerator-runtime "^0.13.4"

"@babel/types@^7.0.0-beta.49", "@babel/types@^7.8.3":
  version "7.9.5"
  resolved "https://registry.yarnpkg.com/@babel/types/-/types-7.9.5.tgz#89231f82915a8a566a703b3b20133f73da6b9444"
  integrity sha512-XjnvNqenk818r5zMaba+sLQjnbda31UfUURv3ei0qPQw4u+j2jMyJ5b11y8ZHYTRSI3NnInQkkkRT4fLqqPdHg==
  dependencies:
    "@babel/helper-validator-identifier" "^7.9.5"
    lodash "^4.17.13"
    to-fast-properties "^2.0.0"

"@data-ui/shared@^0.0.84":
  version "0.0.84"
  resolved "https://registry.yarnpkg.com/@data-ui/shared/-/shared-0.0.84.tgz#42bd025d677f9be2beada3e1a84a53d33ac0eb10"
  integrity sha512-MsDLsFzBHFEREr/eF2/RX1o/cXioEg+VQTsM8gViW5ywGQ7Xo5+EqUOaBSrwqKAkvp3e8PaEZVkchPC54IBhrA==
  dependencies:
    "@data-ui/theme" "^0.0.84"
    "@vx/event" "^0.0.165"
    "@vx/group" "^0.0.165"
    "@vx/shape" "^0.0.168"
    "@vx/tooltip" "0.0.165"
    d3-array "^1.2.1"
    prop-types "^15.5.10"

"@data-ui/theme@^0.0.84":
  version "0.0.84"
  resolved "https://registry.yarnpkg.com/@data-ui/theme/-/theme-0.0.84.tgz#b75c23d7f38c582adbb8d2159d0d703159f8e3b2"
  integrity sha512-jIoHftC/5c/LVJYF4VSBjjVjrjc0yj4mLkGe8p0eVO7qUYKVvlWx7PrpM7ucyefvuAaKIwlr+Nh2xPGPdADjaA==

"@data-ui/xy-chart@^0.0.84":
  version "0.0.84"
  resolved "https://registry.yarnpkg.com/@data-ui/xy-chart/-/xy-chart-0.0.84.tgz#28bc41592d81d7be1da65ddd50fe3b79ea65649a"
  integrity sha512-4mRWEGfeQJ2kFXmQ81k1gDPx2zdkty6lt0+srui4zleSyhnBv1dmm9J03dq+qwr7+bpzjfq77nINV5HXWb31Bg==
  dependencies:
    "@data-ui/shared" "^0.0.84"
    "@data-ui/theme" "^0.0.84"
    "@vx/axis" "^0.0.175"
    "@vx/curve" "^0.0.165"
    "@vx/event" "^0.0.165"
    "@vx/glyph" "^0.0.165"
    "@vx/gradient" "^0.0.165"
    "@vx/grid" "^0.0.180"
    "@vx/group" "^0.0.165"
    "@vx/pattern" "^0.0.165"
    "@vx/point" "^0.0.165"
    "@vx/responsive" "^0.0.192"
    "@vx/scale" "^0.0.165"
    "@vx/shape" "^0.0.165"
    "@vx/stats" "^0.0.165"
    "@vx/text" "^0.0.192"
    "@vx/threshold" "0.0.170"
    "@vx/tooltip" "^0.0.165"
    "@vx/voronoi" "^0.0.165"
    d3-array "^1.2.0"
    prop-types "^15.5.10"

"@emotion/cache@^10.0.27":
  version "10.0.29"
  resolved "https://registry.yarnpkg.com/@emotion/cache/-/cache-10.0.29.tgz#87e7e64f412c060102d589fe7c6dc042e6f9d1e0"
  integrity sha512-fU2VtSVlHiF27empSbxi1O2JFdNWZO+2NFHfwO0pxgTep6Xa3uGb+3pVKfLww2l/IBGLNEZl5Xf/++A4wAYDYQ==
  dependencies:
    "@emotion/sheet" "0.9.4"
    "@emotion/stylis" "0.8.5"
    "@emotion/utils" "0.11.3"
    "@emotion/weak-memoize" "0.2.5"

"@emotion/core@^10.0.28":
  version "10.0.28"
  resolved "https://registry.yarnpkg.com/@emotion/core/-/core-10.0.28.tgz#bb65af7262a234593a9e952c041d0f1c9b9bef3d"
  integrity sha512-pH8UueKYO5jgg0Iq+AmCLxBsvuGtvlmiDCOuv8fGNYn3cowFpLN98L8zO56U0H1PjDIyAlXymgL3Wu7u7v6hbA==
  dependencies:
    "@babel/runtime" "^7.5.5"
    "@emotion/cache" "^10.0.27"
    "@emotion/css" "^10.0.27"
    "@emotion/serialize" "^0.11.15"
    "@emotion/sheet" "0.9.4"
    "@emotion/utils" "0.11.3"

"@emotion/css@^10.0.27":
  version "10.0.27"
  resolved "https://registry.yarnpkg.com/@emotion/css/-/css-10.0.27.tgz#3a7458198fbbebb53b01b2b87f64e5e21241e14c"
  integrity sha512-6wZjsvYeBhyZQYNrGoR5yPMYbMBNEnanDrqmsqS1mzDm1cOTu12shvl2j4QHNS36UaTE0USIJawCH9C8oW34Zw==
  dependencies:
    "@emotion/serialize" "^0.11.15"
    "@emotion/utils" "0.11.3"
    babel-plugin-emotion "^10.0.27"

"@emotion/hash@0.8.0":
  version "0.8.0"
  resolved "https://registry.yarnpkg.com/@emotion/hash/-/hash-0.8.0.tgz#bbbff68978fefdbe68ccb533bc8cbe1d1afb5413"
  integrity sha512-kBJtf7PH6aWwZ6fka3zQ0p6SBYzx4fl1LoZXE2RrnYST9Xljm7WfKJrU4g/Xr3Beg72MLrp1AWNUmuYJTL7Cow==

"@emotion/is-prop-valid@0.8.8":
  version "0.8.8"
  resolved "https://registry.yarnpkg.com/@emotion/is-prop-valid/-/is-prop-valid-0.8.8.tgz#db28b1c4368a259b60a97311d6a952d4fd01ac1a"
  integrity sha512-u5WtneEAr5IDG2Wv65yhunPSMLIpuKsbuOktRojfrEiEvRyC85LgPMZI63cr7NUqT8ZIGdSVg8ZKGxIug4lXcA==
  dependencies:
    "@emotion/memoize" "0.7.4"

"@emotion/memoize@0.7.4":
  version "0.7.4"
  resolved "https://registry.yarnpkg.com/@emotion/memoize/-/memoize-0.7.4.tgz#19bf0f5af19149111c40d98bb0cf82119f5d9eeb"
  integrity sha512-Ja/Vfqe3HpuzRsG1oBtWTHk2PGZ7GR+2Vz5iYGelAw8dx32K0y7PjVuxK6z1nMpZOqAFsRUPCkK1YjJ56qJlgw==

"@emotion/serialize@^0.11.15", "@emotion/serialize@^0.11.16":
  version "0.11.16"
  resolved "https://registry.yarnpkg.com/@emotion/serialize/-/serialize-0.11.16.tgz#dee05f9e96ad2fb25a5206b6d759b2d1ed3379ad"
  integrity sha512-G3J4o8by0VRrO+PFeSc3js2myYNOXVJ3Ya+RGVxnshRYgsvErfAOglKAiy1Eo1vhzxqtUvjCyS5gtewzkmvSSg==
  dependencies:
    "@emotion/hash" "0.8.0"
    "@emotion/memoize" "0.7.4"
    "@emotion/unitless" "0.7.5"
    "@emotion/utils" "0.11.3"
    csstype "^2.5.7"

"@emotion/sheet@0.9.4":
  version "0.9.4"
  resolved "https://registry.yarnpkg.com/@emotion/sheet/-/sheet-0.9.4.tgz#894374bea39ec30f489bbfc3438192b9774d32e5"
  integrity sha512-zM9PFmgVSqBw4zL101Q0HrBVTGmpAxFZH/pYx/cjJT5advXguvcgjHFTCaIO3enL/xr89vK2bh0Mfyj9aa0ANA==

"@emotion/styled-base@^10.0.27":
  version "10.0.31"
  resolved "https://registry.yarnpkg.com/@emotion/styled-base/-/styled-base-10.0.31.tgz#940957ee0aa15c6974adc7d494ff19765a2f742a"
  integrity sha512-wTOE1NcXmqMWlyrtwdkqg87Mu6Rj1MaukEoEmEkHirO5IoHDJ8LgCQL4MjJODgxWxXibGR3opGp1p7YvkNEdXQ==
  dependencies:
    "@babel/runtime" "^7.5.5"
    "@emotion/is-prop-valid" "0.8.8"
    "@emotion/serialize" "^0.11.15"
    "@emotion/utils" "0.11.3"

"@emotion/styled@^10.0.27":
  version "10.0.27"
  resolved "https://registry.yarnpkg.com/@emotion/styled/-/styled-10.0.27.tgz#12cb67e91f7ad7431e1875b1d83a94b814133eaf"
  integrity sha512-iK/8Sh7+NLJzyp9a5+vIQIXTYxfT4yB/OJbjzQanB2RZpvmzBQOHZWhpAMZWYEKRNNbsD6WfBw5sVWkb6WzS/Q==
  dependencies:
    "@emotion/styled-base" "^10.0.27"
    babel-plugin-emotion "^10.0.27"

"@emotion/stylis@0.8.5":
  version "0.8.5"
  resolved "https://registry.yarnpkg.com/@emotion/stylis/-/stylis-0.8.5.tgz#deacb389bd6ee77d1e7fcaccce9e16c5c7e78e04"
  integrity sha512-h6KtPihKFn3T9fuIrwvXXUOwlx3rfUvfZIcP5a6rh8Y7zjE3O06hT5Ss4S/YI1AYhuZ1kjaE/5EaOOI2NqSylQ==

"@emotion/unitless@0.7.5":
  version "0.7.5"
  resolved "https://registry.yarnpkg.com/@emotion/unitless/-/unitless-0.7.5.tgz#77211291c1900a700b8a78cfafda3160d76949ed"
  integrity sha512-OWORNpfjMsSSUBVrRBVGECkhWcULOAJz9ZW8uK9qgxD+87M7jHRcvh/A96XXNhXTLmKcoYSQtBEX7lHMO7YRwg==

"@emotion/utils@0.11.3":
  version "0.11.3"
  resolved "https://registry.yarnpkg.com/@emotion/utils/-/utils-0.11.3.tgz#a759863867befa7e583400d322652a3f44820924"
  integrity sha512-0o4l6pZC+hI88+bzuaX/6BgOvQVhbt2PfmxauVaYOGgbsAw14wdKyvMCZXnsnsHys94iadcF+RG/wZyx6+ZZBw==

"@emotion/weak-memoize@0.2.5":
  version "0.2.5"
  resolved "https://registry.yarnpkg.com/@emotion/weak-memoize/-/weak-memoize-0.2.5.tgz#8eed982e2ee6f7f4e44c253e12962980791efd46"
  integrity sha512-6U71C2Wp7r5XtFtQzYrW5iKFT67OixrSxjI4MptCHzdSVlgabczzqLe0ZSgnub/5Kp4hSbpDB1tMytZY9pwxxA==

"@superset-ui/style@^0.12.21":
  version "0.12.21"
  resolved "https://registry.yarnpkg.com/@superset-ui/style/-/style-0.12.21.tgz#9027c45e0903cfa9b5b49a774e2b6fdb92713715"
  integrity sha512-HS5eBUQ7hMFXvf6sJ/JelZUANlxguB1kDQ5waugSFdrYQ3402lwPWZo5nmgeZhYVefL8hq3CkumJe/sfDLWa7w==
  dependencies:
    "@emotion/core" "^10.0.28"
    "@emotion/styled" "^10.0.27"

"@types/d3-color@^1.2.2":
  version "1.2.2"
  resolved "https://registry.yarnpkg.com/@types/d3-color/-/d3-color-1.2.2.tgz#80cf7cfff7401587b8f89307ba36fe4a576bc7cf"
  integrity sha512-6pBxzJ8ZP3dYEQ4YjQ+NVbQaOflfgXq/JbDiS99oLobM2o72uAST4q6yPxHv6FOTCRC/n35ktuo8pvw/S4M7sw==

"@types/parse-json@^4.0.0":
  version "4.0.0"
  resolved "https://registry.yarnpkg.com/@types/parse-json/-/parse-json-4.0.0.tgz#2f8bb441434d163b35fb8ffdccd7138927ffb8c0"
  integrity sha512-//oorEZjL6sbPcKUaCdIGlIUeH26mgzimjBB77G6XRgnDl/L5wOnpyBGRe/Mmf5CVW3PwEBE1NjiMZ/ssFh4wA==

"@types/shortid@^0.0.29":
  version "0.0.29"
  resolved "https://registry.yarnpkg.com/@types/shortid/-/shortid-0.0.29.tgz#8093ee0416a6e2bf2aa6338109114b3fbffa0e9b"
  integrity sha1-gJPuBBam4r8qpjOBCRFLP7/6Dps=

"@vx/axis@^0.0.175":
  version "0.0.175"
  resolved "https://registry.yarnpkg.com/@vx/axis/-/axis-0.0.175.tgz#312c07b81e8b043876436cab3bd8e90f30a1f7ec"
  integrity sha512-qVRIHurnbPnRF4p0KQITArOUSF564tWW1pc48giLz+DJGlcJ4H9RfOSTpV6rnnP15xto6pQdQehBgBAvFRmoig==
  dependencies:
    "@vx/group" "0.0.170"
    "@vx/point" "0.0.165"
    "@vx/shape" "0.0.175"
    "@vx/text" "0.0.175"
    classnames "^2.2.5"
    prop-types "^15.6.0"

"@vx/bounds@0.0.165":
  version "0.0.165"
  resolved "https://registry.yarnpkg.com/@vx/bounds/-/bounds-0.0.165.tgz#75f107a6deb58223c6878db5053382eff3174567"
  integrity sha512-ZvRb72/4QNs1ZrytZTZxd0hfAb/KKfhsdkcYtIQkmdF6dTsjigMQZ+h2bLvLnbZb/RxyCCoxdiZSGXd+T1c//Q==
  dependencies:
    prop-types "^15.5.10"

"@vx/clip-path@0.0.165":
  version "0.0.165"
  resolved "https://registry.yarnpkg.com/@vx/clip-path/-/clip-path-0.0.165.tgz#93cd65cc6a35319c7e403ce7b973ac1c8045b741"
  integrity sha512-mBCbgguLMVyGvar5FbxqyyY4NQFlnXoSLF0TrhgWYkF/FCXdE1CzBC+Y4iXIJOY0ZTtluqL9XrNdIDpx49AmuA==

"@vx/curve@0.0.165", "@vx/curve@^0.0.165":
  version "0.0.165"
  resolved "https://registry.yarnpkg.com/@vx/curve/-/curve-0.0.165.tgz#330d1512dceae0af43dd3eb4c85523132030a3a0"
  integrity sha512-fiQAGrKNGjJbL+eixUckJqIZDWXH/1NtIyyDbSz3J7ksk0QpYr5BgWcNJN76HLNt7wfcLwNzCHeNs4iVYyFGTg==
  dependencies:
    d3-shape "^1.0.6"

"@vx/event@^0.0.165":
  version "0.0.165"
  resolved "https://registry.yarnpkg.com/@vx/event/-/event-0.0.165.tgz#675d89fdfdc08d0c99c36ff1a381ea50fccfba2e"
  integrity sha512-FsQiw0f3s5DQB6aBQmBcoWk9e4q65LcDobHIyV8qrmpW2QgV2NvQFM1w0Q300ohpRMgJDzGk68HHHQgFOJvApw==
  dependencies:
    "@vx/point" "0.0.165"

"@vx/glyph@^0.0.165":
  version "0.0.165"
  resolved "https://registry.yarnpkg.com/@vx/glyph/-/glyph-0.0.165.tgz#ba6fe31700dae852c60468e00dd732fa7521d1fc"
  integrity sha512-kccUm40e/VCtayxqvcwc2K2M6oNXO7IafwIfw1RRv6Fj4Iutto9ZpI+PGOf/zPnYVueoLnWBXT/HE7IRS+C2gw==
  dependencies:
    "@vx/group" "0.0.165"
    classnames "^2.2.5"
    d3-shape "^1.2.0"

"@vx/gradient@^0.0.165":
  version "0.0.165"
  resolved "https://registry.yarnpkg.com/@vx/gradient/-/gradient-0.0.165.tgz#0cc0fe873e6acded4943fa274f68601ad5a50a38"
  integrity sha512-FjRXMTmcy7k0TWsfDzWWXw6T9WXKP+6LS/GRgnguq271pab/P+AdOJThsVxtBgUc8ZOAPbub3/2Gggz9d8tocg==
  dependencies:
    classnames "^2.2.5"
    prop-types "^15.5.7"

"@vx/grid@^0.0.180":
  version "0.0.180"
  resolved "https://registry.yarnpkg.com/@vx/grid/-/grid-0.0.180.tgz#31f2f73c9055d0ab2bf38f03a0c7dc47b9c12327"
  integrity sha512-+ugS0c6GbwHr6pFU0znnOG3/zTwRRadvWwj3E4ZOHmKUSz6ZEN6JNo+rD3WSZckYwLis6UivmYfJ5cV6AM4ufg==
  dependencies:
    "@vx/group" "0.0.170"
    "@vx/point" "0.0.165"
    "@vx/shape" "0.0.179"
    classnames "^2.2.5"
    prop-types "^15.6.2"

"@vx/group@0.0.165", "@vx/group@^0.0.165":
  version "0.0.165"
  resolved "https://registry.yarnpkg.com/@vx/group/-/group-0.0.165.tgz#2342523225de94859b5be49c3072dc6bb6795e78"
  integrity sha512-gi1DSg8AAaVRseyWiq8y4bzyvKiQIXT6vDUYBVRmv2LBcpHocBGaxNiNK0X602RgLG0XmNyRv6qSCWLOaBs3Mg==
  dependencies:
    classnames "^2.2.5"

"@vx/group@0.0.170":
  version "0.0.170"
  resolved "https://registry.yarnpkg.com/@vx/group/-/group-0.0.170.tgz#8b30b3ea07c348fe22253812fe7cb6d4200d725d"
  integrity sha512-RnDdRoy0YI5hokk+YWXc8t39Kp51i4BdCpiwkDJU4YypGycTYnDFjicam6jigUmZ/6wyMirDf/aQboWviFLt2Q==
  dependencies:
    classnames "^2.2.5"

"@vx/pattern@^0.0.165":
  version "0.0.165"
  resolved "https://registry.yarnpkg.com/@vx/pattern/-/pattern-0.0.165.tgz#0d317cb9a13205e35691f702442739ff0256711d"
  integrity sha512-h5nmfcYlQYYzNhlhqaYUvVnkmGnC0yWv5yU1snjHweGmIHTovV3RAbKgVFAP7kB3i2rbEtC3O8WkJN++cZdLzA==
  dependencies:
    classnames "^2.2.5"
    prop-types "^15.5.10"

"@vx/point@0.0.165", "@vx/point@^0.0.165":
  version "0.0.165"
  resolved "https://registry.yarnpkg.com/@vx/point/-/point-0.0.165.tgz#7ebde5da3d86954fe31a56f923f31550f0b4b867"
  integrity sha512-spoHilhjcWNgccrSzBUPw+PXV81tYxeyEWBkgr35aGVU4m7YT86Ywvfemwp7AVVGPn+XJHrhB0ujAhDoyqFPoA==

"@vx/responsive@^0.0.192":
  version "0.0.192"
  resolved "https://registry.yarnpkg.com/@vx/responsive/-/responsive-0.0.192.tgz#721d032bec38b9e3ff5fde2e4d5d8ee5a81cc517"
  integrity sha512-HaXVwhSJXUfRbzRV+glxsX0ki2Hi1mdpz42iuGArVQgDPJEmBHjkXyoiXU8U6v66M7FAH+OyKgtc5j2bfhyYzA==
  dependencies:
    lodash "^4.17.10"
    prop-types "^15.6.1"
    resize-observer-polyfill "1.5.0"

"@vx/scale@0.0.165", "@vx/scale@^0.0.165":
  version "0.0.165"
  resolved "https://registry.yarnpkg.com/@vx/scale/-/scale-0.0.165.tgz#8575880c48296a80c0e9459057f826e8f903bc07"
  integrity sha512-5jSgXJDU6J/KWIyCbpjHqysPCddp7tG3LbTV7UmtB1Qleb4m4slShTVSE7+EKU+zgiQPDGm0+E2ht4cet+7F7A==
  dependencies:
    d3-scale "^2.0.0"

"@vx/shape@0.0.170":
  version "0.0.170"
  resolved "https://registry.yarnpkg.com/@vx/shape/-/shape-0.0.170.tgz#55cf5968f7a6465484aac1a5541275b4813bb9a2"
  integrity sha512-rm8oVRP0ejgwGhQTVhqP5awqphWX60FgbnRt9X+YBUqgv7Qyedfgs/CHd/5QFZX3aPp8d4F+b4+lghbIYiMgmQ==
  dependencies:
    "@vx/curve" "0.0.165"
    "@vx/group" "0.0.170"
    "@vx/point" "0.0.165"
    classnames "^2.2.5"
    d3-path "^1.0.5"
    d3-shape "^1.2.0"
    prop-types "^15.5.10"

"@vx/shape@0.0.175":
  version "0.0.175"
  resolved "https://registry.yarnpkg.com/@vx/shape/-/shape-0.0.175.tgz#099bcd4fdc890988fa373526b170c11942af2255"
  integrity sha512-bjAJoIIpKjUEPDV2xmTYGUvSvwRztv+6rd1c6NPZG/nIuqsMHFnFig/2xTcQJEQhRg6aKzvxIUo43zPSSq3fWA==
  dependencies:
    "@vx/curve" "0.0.165"
    "@vx/group" "0.0.170"
    "@vx/point" "0.0.165"
    classnames "^2.2.5"
    d3-path "^1.0.5"
    d3-shape "^1.2.0"
    prop-types "^15.5.10"

"@vx/shape@0.0.179":
  version "0.0.179"
  resolved "https://registry.yarnpkg.com/@vx/shape/-/shape-0.0.179.tgz#038c449743d1e05b7b2d20151e9ab6e739f73516"
  integrity sha512-YHVNx4xGpbjolkW3Lb5pEgJB0+u349vfnLI976DJlinY0hRNa4TZbWXOB4ywLIrYzQEXXPMUR8WtdubNxg6g0w==
  dependencies:
    "@vx/curve" "0.0.165"
    "@vx/group" "0.0.170"
    "@vx/point" "0.0.165"
    classnames "^2.2.5"
    d3-path "^1.0.5"
    d3-shape "^1.2.0"
    prop-types "^15.5.10"

"@vx/shape@^0.0.165":
  version "0.0.165"
  resolved "https://registry.yarnpkg.com/@vx/shape/-/shape-0.0.165.tgz#3424121f45d83dd8e7ba62b6adf8b0aea2fb9cf8"
  integrity sha512-D9naH/glDtw8J8IcdumpRz1ihaoCAYMwFNh2KTv73HiTKrLQSXvIjwYFv9C0b8BCPNOXkDZS8s+AlgMSqGlZNQ==
  dependencies:
    "@vx/curve" "0.0.165"
    "@vx/group" "0.0.165"
    "@vx/point" "0.0.165"
    classnames "^2.2.5"
    d3-path "^1.0.5"
    d3-shape "^1.2.0"
    prop-types "^15.5.10"

"@vx/shape@^0.0.168":
  version "0.0.168"
  resolved "https://registry.yarnpkg.com/@vx/shape/-/shape-0.0.168.tgz#172bc1cf4dade47076018efd559e0ecc4e959aec"
  integrity sha512-urKZkwSafMpPQ0wI/L5FJmufRiAR4UsgYUCKxROjfE1Cf4jWNlK6mlVIIASxCdHlh9CGBbIrRMdl5Yv5lzqhjA==
  dependencies:
    "@vx/curve" "0.0.165"
    "@vx/group" "0.0.165"
    "@vx/point" "0.0.165"
    classnames "^2.2.5"
    d3-path "^1.0.5"
    d3-shape "^1.2.0"
    prop-types "^15.5.10"

"@vx/stats@^0.0.165":
  version "0.0.165"
  resolved "https://registry.yarnpkg.com/@vx/stats/-/stats-0.0.165.tgz#32413a144383367e51628bbea61b3b0ce980f1fd"
  integrity sha512-FRW5N+7pXLZrQxT8JA8OH28PGKq7YfiycmnSG7jzXOnvw+sPm9MRKCoyRDTpFrCiggcOhHhvqhE8RiO2qF7d3Q==
  dependencies:
    "@vx/group" "0.0.165"
    "@vx/scale" "0.0.165"
    classnames "^2.2.5"
    d3-shape "^1.2.0"

"@vx/text@0.0.175":
  version "0.0.175"
  resolved "https://registry.yarnpkg.com/@vx/text/-/text-0.0.175.tgz#70ff63b01abfc148132d36ca7cdebfb040bb48c5"
  integrity sha512-SOBhctXXAGhhpCOiTjxOM/8NDaDqGRk3OGfsJ714Mt1UJX6VQaKxFocZJwn6IMw3mNG6/p7O4Eao/gGDcoM6+A==
  dependencies:
    babel-plugin-lodash "^3.3.2"
    classnames "^2.2.5"
    lodash "^4.17.4"
    reduce-css-calc "^1.3.0"

"@vx/text@^0.0.192":
  version "0.0.192"
  resolved "https://registry.yarnpkg.com/@vx/text/-/text-0.0.192.tgz#cb71261e003c9d951d242ec43049cff2c4509302"
  integrity sha512-lyy7eXfmQ8SJF7Qx+bCRcaEgvVSa18Lp6eRMo3GMANumUh9kSe7LwgqRFSdBJ85WkPqX+UOkJVyCH7AOlt0IWA==
  dependencies:
    classnames "^2.2.5"
    lodash "^4.17.15"
    prop-types "^15.7.2"
    reduce-css-calc "^1.3.0"

"@vx/threshold@0.0.170":
  version "0.0.170"
  resolved "https://registry.yarnpkg.com/@vx/threshold/-/threshold-0.0.170.tgz#59baeabc7e1687042cf4955130fc7a72704030f7"
  integrity sha512-A3yWJrFqckbleXg3Q3iSsU6mdtHbMxEnE4jGZd8og4m9r2RDVTvFVP6ZRo4vunlfWj5YuMnNsKhx4ZSWKVMtXg==
  dependencies:
    "@vx/clip-path" "0.0.165"
    "@vx/shape" "0.0.170"
    classnames "^2.2.5"
    prop-types "^15.5.10"

"@vx/tooltip@0.0.165", "@vx/tooltip@^0.0.165":
  version "0.0.165"
  resolved "https://registry.yarnpkg.com/@vx/tooltip/-/tooltip-0.0.165.tgz#0d17a1b445a7bc70d7840e36593b780a6e7b40e2"
  integrity sha512-/x1NZc67QGQ4e/WNT7Ks5LYRyeLSqp8lG04gX5J6leUS0zscAVzo3aE5u65Qqbc0cnMyMPRZ2Qtb4klWTLg+eQ==
  dependencies:
    "@vx/bounds" "0.0.165"
    classnames "^2.2.5"
    prop-types "^15.5.10"

"@vx/voronoi@^0.0.165":
  version "0.0.165"
  resolved "https://registry.yarnpkg.com/@vx/voronoi/-/voronoi-0.0.165.tgz#11ab585199b0dccf403544a6ad378a505bfb913b"
  integrity sha512-oZT9KBAjDLCEcOrrqW01TPz8pLtrNNAFPa7mB9ignXvgntqEd3yVXCBkxXScfZLS+O8UQc+7/pawu0PPkE2eMw==
  dependencies:
    "@vx/group" "0.0.165"
    classnames "^2.2.5"
    d3-voronoi "^1.1.2"
    prop-types "^15.6.1"

ansi-styles@^3.2.1:
  version "3.2.1"
  resolved "https://registry.yarnpkg.com/ansi-styles/-/ansi-styles-3.2.1.tgz#41fbb20243e50b12be0f04b8dedbf07520ce841d"
  integrity sha512-VT0ZI6kZRdTh8YyJw3SMbYm/u+NqfsAxEpWO0Pf9sq8/e94WxxOpPKx9FR1FlyCtOVDNOQ+8ntlqFxiRc+r5qA==
  dependencies:
    color-convert "^1.9.0"

babel-plugin-emotion@^10.0.27:
  version "10.0.33"
  resolved "https://registry.yarnpkg.com/babel-plugin-emotion/-/babel-plugin-emotion-10.0.33.tgz#ce1155dcd1783bbb9286051efee53f4e2be63e03"
  integrity sha512-bxZbTTGz0AJQDHm8k6Rf3RQJ8tX2scsfsRyKVgAbiUPUNIRtlK+7JxP+TAd1kRLABFxe0CFm2VdK4ePkoA9FxQ==
  dependencies:
    "@babel/helper-module-imports" "^7.0.0"
    "@emotion/hash" "0.8.0"
    "@emotion/memoize" "0.7.4"
    "@emotion/serialize" "^0.11.16"
    babel-plugin-macros "^2.0.0"
    babel-plugin-syntax-jsx "^6.18.0"
    convert-source-map "^1.5.0"
    escape-string-regexp "^1.0.5"
    find-root "^1.1.0"
    source-map "^0.5.7"

babel-plugin-lodash@^3.3.2:
  version "3.3.4"
  resolved "https://registry.yarnpkg.com/babel-plugin-lodash/-/babel-plugin-lodash-3.3.4.tgz#4f6844358a1340baed182adbeffa8df9967bc196"
  integrity sha512-yDZLjK7TCkWl1gpBeBGmuaDIFhZKmkoL+Cu2MUUjv5VxUZx/z7tBGBCBcQs5RI1Bkz5LLmNdjx7paOyQtMovyg==
  dependencies:
    "@babel/helper-module-imports" "^7.0.0-beta.49"
    "@babel/types" "^7.0.0-beta.49"
    glob "^7.1.1"
    lodash "^4.17.10"
    require-package-name "^2.0.1"

babel-plugin-macros@^2.0.0:
  version "2.8.0"
  resolved "https://registry.yarnpkg.com/babel-plugin-macros/-/babel-plugin-macros-2.8.0.tgz#0f958a7cc6556b1e65344465d99111a1e5e10138"
  integrity sha512-SEP5kJpfGYqYKpBrj5XU3ahw5p5GOHJ0U5ssOSQ/WBVdwkD2Dzlce95exQTs3jOVWPPKLBN2rlEWkCK7dSmLvg==
  dependencies:
    "@babel/runtime" "^7.7.2"
    cosmiconfig "^6.0.0"
    resolve "^1.12.0"

babel-plugin-syntax-jsx@^6.18.0:
  version "6.18.0"
  resolved "https://registry.yarnpkg.com/babel-plugin-syntax-jsx/-/babel-plugin-syntax-jsx-6.18.0.tgz#0af32a9a6e13ca7a3fd5069e62d7b0f58d0d8946"
  integrity sha1-CvMqmm4Tyno/1QaeYtew9Y0NiUY=

balanced-match@^0.4.2:
  version "0.4.2"
  resolved "https://registry.yarnpkg.com/balanced-match/-/balanced-match-0.4.2.tgz#cb3f3e3c732dc0f01ee70b403f302e61d7709838"
  integrity sha1-yz8+PHMtwPAe5wtAPzAuYddwmDg=

balanced-match@^1.0.0:
  version "1.0.0"
  resolved "https://registry.yarnpkg.com/balanced-match/-/balanced-match-1.0.0.tgz#89b4d199ab2bee49de164ea02b89ce462d71b767"
  integrity sha1-ibTRmasr7kneFk6gK4nORi1xt2c=

brace-expansion@^1.1.7:
  version "1.1.11"
  resolved "https://registry.yarnpkg.com/brace-expansion/-/brace-expansion-1.1.11.tgz#3c7fcbf529d87226f3d2f52b966ff5271eb441dd"
  integrity sha512-iCuPHDFgrHX7H2vEI/5xpz07zSHB00TpugqhmYtVmMO6518mCuRMoOYFldEBl0g187ufozdaHgWKcYFb61qGiA==
  dependencies:
    balanced-match "^1.0.0"
    concat-map "0.0.1"

callsites@^3.0.0:
  version "3.1.0"
  resolved "https://registry.yarnpkg.com/callsites/-/callsites-3.1.0.tgz#b3630abd8943432f54b3f0519238e33cd7df2f73"
  integrity sha512-P8BjAsXvZS+VIDUI11hHCQEv74YT67YUi5JJFNWIqL235sBmjX4+qx9Muvls5ivyNENctx46xQLQ3aTuE7ssaQ==

chalk@^2.0.0:
  version "2.4.2"
  resolved "https://registry.yarnpkg.com/chalk/-/chalk-2.4.2.tgz#cd42541677a54333cf541a49108c1432b44c9424"
  integrity sha512-Mti+f9lpJNcwF4tWV8/OrTTtF1gZi+f8FqlyAdouralcFWFQWF2+NgCHShjkCb+IFBLq9buZwE1xckQU4peSuQ==
  dependencies:
    ansi-styles "^3.2.1"
    escape-string-regexp "^1.0.5"
    supports-color "^5.3.0"

classnames@^2.2.5:
  version "2.2.6"
  resolved "https://registry.yarnpkg.com/classnames/-/classnames-2.2.6.tgz#43935bffdd291f326dad0a205309b38d00f650ce"
  integrity sha512-JR/iSQOSt+LQIWwrwEzJ9uk0xfN3mTVYMwt1Ir5mUcSN6pU+V4zQFFaJsclJbPuAUQH+yfWef6tm7l1quW3C8Q==

color-convert@^1.9.0:
  version "1.9.3"
  resolved "https://registry.yarnpkg.com/color-convert/-/color-convert-1.9.3.tgz#bb71850690e1f136567de629d2d5471deda4c1e8"
  integrity sha512-QfAUtd+vFdAtFQcC8CCyYt1fYWxSqAiK2cSD6zDB8N3cpsEBAvRxp9zOGg6G/SHHJYAT88/az/IuDGALsNVbGg==
  dependencies:
    color-name "1.1.3"

color-name@1.1.3:
  version "1.1.3"
  resolved "https://registry.yarnpkg.com/color-name/-/color-name-1.1.3.tgz#a7d0558bd89c42f795dd42328f740831ca53bc25"
  integrity sha1-p9BVi9icQveV3UIyj3QIMcpTvCU=

concat-map@0.0.1:
  version "0.0.1"
  resolved "https://registry.yarnpkg.com/concat-map/-/concat-map-0.0.1.tgz#d8a96bd77fd68df7793a73036a3ba0d5405d477b"
  integrity sha1-2Klr13/Wjfd5OnMDajug1UBdR3s=

convert-source-map@^1.5.0:
  version "1.7.0"
  resolved "https://registry.yarnpkg.com/convert-source-map/-/convert-source-map-1.7.0.tgz#17a2cb882d7f77d3490585e2ce6c524424a3a442"
  integrity sha512-4FJkXzKXEDB1snCFZlLP4gpC3JILicCpGbzG9f9G7tGqGCzETQ2hWPrcinA9oU4wtf2biUaEH5065UnMeR33oA==
  dependencies:
    safe-buffer "~5.1.1"

cosmiconfig@^6.0.0:
  version "6.0.0"
  resolved "https://registry.yarnpkg.com/cosmiconfig/-/cosmiconfig-6.0.0.tgz#da4fee853c52f6b1e6935f41c1a2fc50bd4a9982"
  integrity sha512-xb3ZL6+L8b9JLLCx3ZdoZy4+2ECphCMo2PwqgP1tlfVq6M6YReyzBJtvWWtbDSpNr9hn96pkCiZqUcFEc+54Qg==
  dependencies:
    "@types/parse-json" "^4.0.0"
    import-fresh "^3.1.0"
    parse-json "^5.0.0"
    path-type "^4.0.0"
    yaml "^1.7.2"

csstype@^2.5.7:
  version "2.6.10"
  resolved "https://registry.yarnpkg.com/csstype/-/csstype-2.6.10.tgz#e63af50e66d7c266edb6b32909cfd0aabe03928b"
  integrity sha512-D34BqZU4cIlMCY93rZHbrq9pjTAQJ3U8S8rfBqjwHxkGPThWFjzZDQpgMJY0QViLxth6ZKYiwFBo14RdN44U/w==

d3-array@^1.2.0, d3-array@^1.2.1:
  version "1.2.4"
  resolved "https://registry.yarnpkg.com/d3-array/-/d3-array-1.2.4.tgz#635ce4d5eea759f6f605863dbcfc30edc737f71f"
  integrity sha512-KHW6M86R+FUPYGb3R5XiYjXPq7VzwxZ22buHhAEVG5ztoEcZZMLov530mmccaqA1GghZArjQV46fuc8kUqhhHw==

d3-collection@1:
  version "1.0.7"
  resolved "https://registry.yarnpkg.com/d3-collection/-/d3-collection-1.0.7.tgz#349bd2aa9977db071091c13144d5e4f16b5b310e"
  integrity sha512-ii0/r5f4sjKNTfh84Di+DpztYwqKhEyUlKoPrzUFfeSkWxjW49xU2QzO9qrPrNkpdI0XJkfzvmTu8V2Zylln6A==

d3-color@1, d3-color@^1.2.3:
  version "1.4.1"
  resolved "https://registry.yarnpkg.com/d3-color/-/d3-color-1.4.1.tgz#c52002bf8846ada4424d55d97982fef26eb3bc8a"
  integrity sha512-p2sTHSLCJI2QKunbGb7ocOh7DgTAn8IrLx21QRc/BSnodXM4sv6aLQlnfpvehFMLZEfBc6g9pH9SWQccFYfJ9Q==

d3-format@1:
  version "1.4.4"
  resolved "https://registry.yarnpkg.com/d3-format/-/d3-format-1.4.4.tgz#356925f28d0fd7c7983bfad593726fce46844030"
  integrity sha512-TWks25e7t8/cqctxCmxpUuzZN11QxIA7YrMbram94zMQ0PXjE4LVIMe/f6a4+xxL8HQ3OsAFULOINQi1pE62Aw==

d3-interpolate@1:
  version "1.4.0"
  resolved "https://registry.yarnpkg.com/d3-interpolate/-/d3-interpolate-1.4.0.tgz#526e79e2d80daa383f9e0c1c1c7dcc0f0583e987"
  integrity sha512-V9znK0zc3jOPV4VD2zZn0sDhZU3WAE2bmlxdIwwQPPzPjvyLkd8B3JUVdS1IDUFDkWZ72c9qnv1GK2ZagTZ8EA==
  dependencies:
    d3-color "1"

d3-path@1, d3-path@^1.0.5:
  version "1.0.9"
  resolved "https://registry.yarnpkg.com/d3-path/-/d3-path-1.0.9.tgz#48c050bb1fe8c262493a8caf5524e3e9591701cf"
  integrity sha512-VLaYcn81dtHVTjEHd8B+pbe9yHWpXKZUC87PzoFmsFrJqgFwDe/qxfp5MlfsfM1V5E/iVt0MmEbWQ7FVIXh/bg==

d3-scale@^2.0.0:
  version "2.2.2"
  resolved "https://registry.yarnpkg.com/d3-scale/-/d3-scale-2.2.2.tgz#4e880e0b2745acaaddd3ede26a9e908a9e17b81f"
  integrity sha512-LbeEvGgIb8UMcAa0EATLNX0lelKWGYDQiPdHj+gLblGVhGLyNbaCn3EvrJf0A3Y/uOOU5aD6MTh5ZFCdEwGiCw==
  dependencies:
    d3-array "^1.2.0"
    d3-collection "1"
    d3-format "1"
    d3-interpolate "1"
    d3-time "1"
    d3-time-format "2"

d3-shape@^1.0.6, d3-shape@^1.2.0:
  version "1.3.7"
  resolved "https://registry.yarnpkg.com/d3-shape/-/d3-shape-1.3.7.tgz#df63801be07bc986bc54f63789b4fe502992b5d7"
  integrity sha512-EUkvKjqPFUAZyOlhY5gzCxCeI0Aep04LwIRpsZ/mLFelJiUfnK56jo5JMDSE7yyP2kLSb6LtF+S5chMk7uqPqw==
  dependencies:
    d3-path "1"

d3-time-format@2:
  version "2.2.3"
  resolved "https://registry.yarnpkg.com/d3-time-format/-/d3-time-format-2.2.3.tgz#0c9a12ee28342b2037e5ea1cf0b9eb4dd75f29cb"
  integrity sha512-RAHNnD8+XvC4Zc4d2A56Uw0yJoM7bsvOlJR33bclxq399Rak/b9bhvu/InjxdWhPtkgU53JJcleJTGkNRnN6IA==
  dependencies:
    d3-time "1"

d3-time@1:
  version "1.1.0"
  resolved "https://registry.yarnpkg.com/d3-time/-/d3-time-1.1.0.tgz#b1e19d307dae9c900b7e5b25ffc5dcc249a8a0f1"
  integrity sha512-Xh0isrZ5rPYYdqhAVk8VLnMEidhz5aP7htAADH6MfzgmmicPkTo8LhkLxci61/lCB7n7UmE3bN0leRt+qvkLxA==

d3-voronoi@^1.1.2:
  version "1.1.4"
  resolved "https://registry.yarnpkg.com/d3-voronoi/-/d3-voronoi-1.1.4.tgz#dd3c78d7653d2bb359284ae478645d95944c8297"
  integrity sha512-dArJ32hchFsrQ8uMiTBLq256MpnZjeuBtdHpaDlYuQyjU0CVzCJl/BVW+SkszaAeH95D/8gxqAhgx0ouAWAfRg==

error-ex@^1.3.1:
  version "1.3.2"
  resolved "https://registry.yarnpkg.com/error-ex/-/error-ex-1.3.2.tgz#b4ac40648107fdcdcfae242f428bea8a14d4f1bf"
  integrity sha512-7dFHNmqeFSEt2ZBsCriorKnn3Z2pj+fd9kmI6QoWw4//DL+icEBfc0U7qJCisqrTsKTjw4fNFy2pW9OqStD84g==
  dependencies:
    is-arrayish "^0.2.1"

escape-string-regexp@^1.0.5:
  version "1.0.5"
  resolved "https://registry.yarnpkg.com/escape-string-regexp/-/escape-string-regexp-1.0.5.tgz#1b61c0562190a8dff6ae3bb2cf0200ca130b86d4"
  integrity sha1-G2HAViGQqN/2rjuyzwIAyhMLhtQ=

find-root@^1.1.0:
  version "1.1.0"
  resolved "https://registry.yarnpkg.com/find-root/-/find-root-1.1.0.tgz#abcfc8ba76f708c42a97b3d685b7e9450bfb9ce4"
  integrity sha512-NKfW6bec6GfKc0SGx1e07QZY9PE99u0Bft/0rzSD5k3sO/vwkVUpDUKVm5Gpp5Ue3YfShPFTX2070tDs5kB9Ng==

fs.realpath@^1.0.0:
  version "1.0.0"
  resolved "https://registry.yarnpkg.com/fs.realpath/-/fs.realpath-1.0.0.tgz#1504ad2523158caa40db4a2787cb01411994ea4f"
  integrity sha1-FQStJSMVjKpA20onh8sBQRmU6k8=

glob@^7.1.1:
  version "7.1.6"
  resolved "https://registry.yarnpkg.com/glob/-/glob-7.1.6.tgz#141f33b81a7c2492e125594307480c46679278a6"
  integrity sha512-LwaxwyZ72Lk7vZINtNNrywX0ZuLyStrdDtabefZKAY5ZGJhVtgdznluResxNmPitE0SAO+O26sWTHeKSI2wMBA==
  dependencies:
    fs.realpath "^1.0.0"
    inflight "^1.0.4"
    inherits "2"
    minimatch "^3.0.4"
    once "^1.3.0"
    path-is-absolute "^1.0.0"

has-flag@^3.0.0:
  version "3.0.0"
  resolved "https://registry.yarnpkg.com/has-flag/-/has-flag-3.0.0.tgz#b5d454dc2199ae225699f3467e5a07f3b955bafd"
  integrity sha1-tdRU3CGZriJWmfNGfloH87lVuv0=

import-fresh@^3.1.0:
  version "3.2.1"
  resolved "https://registry.yarnpkg.com/import-fresh/-/import-fresh-3.2.1.tgz#633ff618506e793af5ac91bf48b72677e15cbe66"
  integrity sha512-6e1q1cnWP2RXD9/keSkxHScg508CdXqXWgWBaETNhyuBFz+kUZlKboh+ISK+bU++DmbHimVBrOz/zzPe0sZ3sQ==
  dependencies:
    parent-module "^1.0.0"
    resolve-from "^4.0.0"

inflight@^1.0.4:
  version "1.0.6"
  resolved "https://registry.yarnpkg.com/inflight/-/inflight-1.0.6.tgz#49bd6331d7d02d0c09bc910a1075ba8165b56df9"
  integrity sha1-Sb1jMdfQLQwJvJEKEHW6gWW1bfk=
  dependencies:
    once "^1.3.0"
    wrappy "1"

inherits@2:
  version "2.0.4"
  resolved "https://registry.yarnpkg.com/inherits/-/inherits-2.0.4.tgz#0fa2c64f932917c3433a0ded55363aae37416b7c"
  integrity sha512-k/vGaX4/Yla3WzyMCvTQOXYeIHvqOKtnqBduzTHpzpQZzAskKMhZ2K+EnBiSM9zGSoIFeMpXKxa4dYeZIQqewQ==

is-arrayish@^0.2.1:
  version "0.2.1"
  resolved "https://registry.yarnpkg.com/is-arrayish/-/is-arrayish-0.2.1.tgz#77c99840527aa8ecb1a8ba697b80645a7a926a9d"
  integrity sha1-d8mYQFJ6qOyxqLppe4BkWnqSap0=

"js-tokens@^3.0.0 || ^4.0.0", js-tokens@^4.0.0:
  version "4.0.0"
  resolved "https://registry.yarnpkg.com/js-tokens/-/js-tokens-4.0.0.tgz#19203fb59991df98e3a287050d4647cdeaf32499"
  integrity sha512-RdJUflcE3cUzKiMqQgsCu06FPu9UdIJO0beYbPhHN4k6apgJtifcoCtT9bcxOpYBtpD2kCM6Sbzg4CausW/PKQ==

json-parse-better-errors@^1.0.1:
  version "1.0.2"
  resolved "https://registry.yarnpkg.com/json-parse-better-errors/-/json-parse-better-errors-1.0.2.tgz#bb867cfb3450e69107c131d1c514bab3dc8bcaa9"
  integrity sha512-mrqyZKfX5EhL7hvqcV6WG1yYjnjeuYDzDhhcAAUrq8Po85NBQBJP+ZDUT75qZQ98IkUoBqdkExkukOU7Ts2wrw==

lines-and-columns@^1.1.6:
  version "1.1.6"
  resolved "https://registry.yarnpkg.com/lines-and-columns/-/lines-and-columns-1.1.6.tgz#1c00c743b433cd0a4e80758f7b64a57440d9ff00"
  integrity sha1-HADHQ7QzzQpOgHWPe2SldEDZ/wA=

lodash@^4.17.10, lodash@^4.17.13, lodash@^4.17.15, lodash@^4.17.4:
  version "4.17.15"
  resolved "https://registry.yarnpkg.com/lodash/-/lodash-4.17.15.tgz#b447f6670a0455bbfeedd11392eff330ea097548"
  integrity sha512-8xOcRHvCjnocdS5cpwXQXVzmmh5e5+saE2QGoeQmbKmRS6J3VQppPOIt0MnmE+4xlZoumy0GPG0D0MVIQbNA1A==

loose-envify@^1.4.0:
  version "1.4.0"
  resolved "https://registry.yarnpkg.com/loose-envify/-/loose-envify-1.4.0.tgz#71ee51fa7be4caec1a63839f7e682d8132d30caf"
  integrity sha512-lyuxPGr/Wfhrlem2CL/UcnUc1zcqKAImBDzukY7Y5F/yQiNdko6+fRLevlw1HgMySw7f611UIY408EtxRSoK3Q==
  dependencies:
    js-tokens "^3.0.0 || ^4.0.0"

math-expression-evaluator@^1.2.14:
  version "1.2.22"
  resolved "https://registry.yarnpkg.com/math-expression-evaluator/-/math-expression-evaluator-1.2.22.tgz#c14dcb3d8b4d150e5dcea9c68c8dad80309b0d5e"
  integrity sha512-L0j0tFVZBQQLeEjmWOvDLoRciIY8gQGWahvkztXUal8jH8R5Rlqo9GCvgqvXcy9LQhEWdQCVvzqAbxgYNt4blQ==

minimatch@^3.0.4:
  version "3.0.4"
  resolved "https://registry.yarnpkg.com/minimatch/-/minimatch-3.0.4.tgz#5166e286457f03306064be5497e8dbb0c3d32083"
  integrity sha512-yJHVQEhyqPLUTgt9B83PXu6W3rx4MvvHvSUvToogpwoGDOUQ+yDrR0HRot+yOCdCO7u4hX3pWft6kWBBcqh0UA==
  dependencies:
    brace-expansion "^1.1.7"

nanoid@^2.1.0:
  version "2.1.11"
  resolved "https://registry.yarnpkg.com/nanoid/-/nanoid-2.1.11.tgz#ec24b8a758d591561531b4176a01e3ab4f0f0280"
  integrity sha512-s/snB+WGm6uwi0WjsZdaVcuf3KJXlfGl2LcxgwkEwJF0D/BWzVWAZW/XY4bFaiR7s0Jk3FPvlnepg1H1b1UwlA==

object-assign@^4.1.1:
  version "4.1.1"
  resolved "https://registry.yarnpkg.com/object-assign/-/object-assign-4.1.1.tgz#2109adc7965887cfc05cbbd442cac8bfbb360863"
  integrity sha1-IQmtx5ZYh8/AXLvUQsrIv7s2CGM=

once@^1.3.0:
  version "1.4.0"
  resolved "https://registry.yarnpkg.com/once/-/once-1.4.0.tgz#583b1aa775961d4b113ac17d9c50baef9dd76bd1"
  integrity sha1-WDsap3WWHUsROsF9nFC6753Xa9E=
  dependencies:
    wrappy "1"

parent-module@^1.0.0:
  version "1.0.1"
  resolved "https://registry.yarnpkg.com/parent-module/-/parent-module-1.0.1.tgz#691d2709e78c79fae3a156622452d00762caaaa2"
  integrity sha512-GQ2EWRpQV8/o+Aw8YqtfZZPfNRWZYkbidE9k5rpl/hC3vtHHBfGm2Ifi6qWV+coDGkrUKZAxE3Lot5kcsRlh+g==
  dependencies:
    callsites "^3.0.0"

parse-json@^5.0.0:
  version "5.0.0"
  resolved "https://registry.yarnpkg.com/parse-json/-/parse-json-5.0.0.tgz#73e5114c986d143efa3712d4ea24db9a4266f60f"
  integrity sha512-OOY5b7PAEFV0E2Fir1KOkxchnZNCdowAJgQ5NuxjpBKTRP3pQhwkrkxqQjeoKJ+fO7bCpmIZaogI4eZGDMEGOw==
  dependencies:
    "@babel/code-frame" "^7.0.0"
    error-ex "^1.3.1"
    json-parse-better-errors "^1.0.1"
    lines-and-columns "^1.1.6"

path-is-absolute@^1.0.0:
  version "1.0.1"
  resolved "https://registry.yarnpkg.com/path-is-absolute/-/path-is-absolute-1.0.1.tgz#174b9268735534ffbc7ace6bf53a5a9e1b5c5f5f"
  integrity sha1-F0uSaHNVNP+8es5r9TpanhtcX18=

path-parse@^1.0.6:
  version "1.0.6"
  resolved "https://registry.yarnpkg.com/path-parse/-/path-parse-1.0.6.tgz#d62dbb5679405d72c4737ec58600e9ddcf06d24c"
  integrity sha512-GSmOT2EbHrINBf9SR7CDELwlJ8AENk3Qn7OikK4nFYAu3Ote2+JYNVvkpAEQm3/TLNEJFD/xZJjzyxg3KBWOzw==

path-type@^4.0.0:
  version "4.0.0"
  resolved "https://registry.yarnpkg.com/path-type/-/path-type-4.0.0.tgz#84ed01c0a7ba380afe09d90a8c180dcd9d03043b"
  integrity sha512-gDKb8aZMDeD/tZWs9P6+q0J9Mwkdl6xMV8TjnGP3qJVJ06bdMgkbBlLU8IdfOsIsFz2BW1rNVT3XuNEl8zPAvw==

prop-types@^15.5.10, prop-types@^15.5.7, prop-types@^15.6.0, prop-types@^15.6.1, prop-types@^15.6.2, prop-types@^15.7.2:
  version "15.7.2"
  resolved "https://registry.yarnpkg.com/prop-types/-/prop-types-15.7.2.tgz#52c41e75b8c87e72b9d9360e0206b99dcbffa6c5"
  integrity sha512-8QQikdH7//R2vurIJSutZ1smHYTcLpRWEOlHnzcWHmBYrOGUysKwSsrC89BCiFj3CbrfJ/nXFdJepOVrY1GCHQ==
  dependencies:
    loose-envify "^1.4.0"
    object-assign "^4.1.1"
    react-is "^16.8.1"

react-is@^16.8.1:
  version "16.13.1"
  resolved "https://registry.yarnpkg.com/react-is/-/react-is-16.13.1.tgz#789729a4dc36de2999dc156dd6c1d9c18cea56a4"
  integrity sha512-24e6ynE2H+OKt4kqsOvNd8kBpV65zoxbA4BVsEOB3ARVWQki/DHzaUoC5KuON/BiccDaCCTZBuOcfZs70kR8bQ==

reduce-css-calc@^1.3.0:
  version "1.3.0"
  resolved "https://registry.yarnpkg.com/reduce-css-calc/-/reduce-css-calc-1.3.0.tgz#747c914e049614a4c9cfbba629871ad1d2927716"
  integrity sha1-dHyRTgSWFKTJz7umKYca0dKSdxY=
  dependencies:
    balanced-match "^0.4.2"
    math-expression-evaluator "^1.2.14"
    reduce-function-call "^1.0.1"

reduce-function-call@^1.0.1:
  version "1.0.3"
  resolved "https://registry.yarnpkg.com/reduce-function-call/-/reduce-function-call-1.0.3.tgz#60350f7fb252c0a67eb10fd4694d16909971300f"
  integrity sha512-Hl/tuV2VDgWgCSEeWMLwxLZqX7OK59eU1guxXsRKTAyeYimivsKdtcV4fu3r710tpG5GmDKDhQ0HSZLExnNmyQ==
  dependencies:
    balanced-match "^1.0.0"

regenerator-runtime@^0.13.4:
  version "0.13.5"
  resolved "https://registry.yarnpkg.com/regenerator-runtime/-/regenerator-runtime-0.13.5.tgz#d878a1d094b4306d10b9096484b33ebd55e26697"
  integrity sha512-ZS5w8CpKFinUzOwW3c83oPeVXoNsrLsaCoLtJvAClH135j/R77RuymhiSErhm2lKcwSCIpmvIWSbDkIfAqKQlA==

require-package-name@^2.0.1:
  version "2.0.1"
  resolved "https://registry.yarnpkg.com/require-package-name/-/require-package-name-2.0.1.tgz#c11e97276b65b8e2923f75dabf5fb2ef0c3841b9"
  integrity sha1-wR6XJ2tluOKSP3Xav1+y7ww4Qbk=

resize-observer-polyfill@1.5.0:
  version "1.5.0"
  resolved "https://registry.yarnpkg.com/resize-observer-polyfill/-/resize-observer-polyfill-1.5.0.tgz#660ff1d9712a2382baa2cad450a4716209f9ca69"
  integrity sha512-M2AelyJDVR/oLnToJLtuDJRBBWUGUvvGigj1411hXhAdyFWqMaqHp7TixW3FpiLuVaikIcR1QL+zqoJoZlOgpg==

resolve-from@^4.0.0:
  version "4.0.0"
  resolved "https://registry.yarnpkg.com/resolve-from/-/resolve-from-4.0.0.tgz#4abcd852ad32dd7baabfe9b40e00a36db5f392e6"
  integrity sha512-pb/MYmXstAkysRFx8piNI1tGFNQIFA3vkE3Gq4EuA1dF6gHp/+vgZqsCGJapvy8N3Q+4o7FwvquPJcnZ7RYy4g==

resolve@^1.12.0:
  version "1.16.1"
  resolved "https://registry.yarnpkg.com/resolve/-/resolve-1.16.1.tgz#49fac5d8bacf1fd53f200fa51247ae736175832c"
  integrity sha512-rmAglCSqWWMrrBv/XM6sW0NuRFiKViw/W4d9EbC4pt+49H8JwHy+mcGmALTEg504AUDcLTvb1T2q3E9AnmY+ig==
  dependencies:
    path-parse "^1.0.6"

safe-buffer@~5.1.1:
  version "5.1.2"
  resolved "https://registry.yarnpkg.com/safe-buffer/-/safe-buffer-5.1.2.tgz#991ec69d296e0313747d59bdfd2b745c35f8828d"
  integrity sha512-Gd2UZBJDkXlY7GbJxfsE8/nvKkUEU1G38c1siN6QP6a9PT9MmHB8GnpscSmMJSoF8LOIrt8ud/wPtojys4G6+g==

shortid@^2.2.14:
  version "2.2.15"
  resolved "https://registry.yarnpkg.com/shortid/-/shortid-2.2.15.tgz#2b902eaa93a69b11120373cd42a1f1fe4437c122"
  integrity sha512-5EaCy2mx2Jgc/Fdn9uuDuNIIfWBpzY4XIlhoqtXF6qsf+/+SGZ+FxDdX/ZsMZiWupIWNqAEmiNY4RC+LSmCeOw==
  dependencies:
    nanoid "^2.1.0"

source-map@^0.5.7:
  version "0.5.7"
  resolved "https://registry.yarnpkg.com/source-map/-/source-map-0.5.7.tgz#8a039d2d1021d22d1ea14c80d8ea468ba2ef3fcc"
  integrity sha1-igOdLRAh0i0eoUyA2OpGi6LvP8w=

supports-color@^5.3.0:
  version "5.5.0"
  resolved "https://registry.yarnpkg.com/supports-color/-/supports-color-5.5.0.tgz#e2e69a44ac8772f78a1ec0b35b689df6530efc8f"
  integrity sha512-QjVjwdXIt408MIiAqCX4oUKsgU2EqAGzs2Ppkm4aQYbjm+ZEWEcW4SfFNTr4uMNZma0ey4f5lgLrkB0aX0QMow==
  dependencies:
    has-flag "^3.0.0"

to-fast-properties@^2.0.0:
  version "2.0.0"
  resolved "https://registry.yarnpkg.com/to-fast-properties/-/to-fast-properties-2.0.0.tgz#dc5e698cbd079265bc73e0377681a4e4e83f616e"
  integrity sha1-3F5pjL0HkmW8c+A3doGk5Og/YW4=

wrappy@1:
  version "1.0.2"
  resolved "https://registry.yarnpkg.com/wrappy/-/wrappy-1.0.2.tgz#b5243d8f3ec1aa35f1364605bc0d1036e30ab69f"
  integrity sha1-tSQ9jz7BqjXxNkYFvA0QNuMKtp8=

yaml@^1.7.2:
  version "1.9.2"
  resolved "https://registry.yarnpkg.com/yaml/-/yaml-1.9.2.tgz#f0cfa865f003ab707663e4f04b3956957ea564ed"
  integrity sha512-HPT7cGGI0DuRcsO51qC1j9O16Dh1mZ2bnXwsi0jrSpsLz0WxOLSLXfkABVl6bZO629py3CU+OMJtpNHDLB97kg==
  dependencies:
    "@babel/runtime" "^7.9.2"
