{
  "name": "superset",
  "version": "0.19.1",
  "lockfileVersion": 1,
  "dependencies": {
    "big.js": {
      "version": "3.1.3",
      "resolved": "https://registry.npmjs.org/big.js/-/big.js-3.1.3.tgz",
      "integrity": "sha1-TK2iGTZS6zyp7I5VyQFWacmAaXg=",
      "dev": true
    },
    "emojis-list": {
      "version": "2.1.0",
      "resolved": "https://registry.npmjs.org/emojis-list/-/emojis-list-2.1.0.tgz",
      "integrity": "sha1-TapNnbAPmBmIDHn6RXrlsJof04k=",
      "dev": true
    },
    "json5": {
      "version": "0.5.1",
      "resolved": "https://registry.npmjs.org/json5/-/json5-0.5.1.tgz",
      "integrity": "sha1-Hq3nrMASA0rYTiOWdn6tn6VJWCE=",
      "dev": true
    },
    "loader-utils": {
      "version": "1.1.0",
      "resolved": "https://registry.npmjs.org/loader-utils/-/loader-utils-1.1.0.tgz",
      "integrity": "sha1-yYrvSIvM7aL/teLeZG1qdUQp9c0=",
      "dev": true
    },
    "transform-loader": {
      "version": "0.2.4",
      "resolved": "https://registry.npmjs.org/transform-loader/-/transform-loader-0.2.4.tgz",
      "integrity": "sha1-5ch4d7qW1R0/IlNoWHtG4ibRzsk=",
      "dev": true
    }
  }
}
