{
  "name": "superset",
  "version": "0.999.0dev",
  "lockfileVersion": 1,
  "requires": true,
  "dependencies": {
    "latlon-geohash": {
      "version": "1.1.0",
      "resolved": "https://registry.npmjs.org/latlon-geohash/-/latlon-geohash-1.1.0.tgz",
      "integrity": "sha1-er4VIkxIAOPq7Kxxx1OiC/tsv2U="
    }
  }
}
