{
  "name": "superset",
  "version": "0.999.0dev",
  "lockfileVersion": 1,
  "requires": true,
  "dependencies": {
    "d3-color": {
      "version": "1.2.0",
      "resolved": "https://registry.npmjs.org/d3-color/-/d3-color-1.2.0.tgz",
      "integrity": "sha512-dmL9Zr/v39aSSMnLOTd58in2RbregCg4UtGyUArvEKTTN6S3HKEy+ziBWVYo9PTzRyVW+pUBHUtRKz0HYX+SQg=="
    },
    "d3-interpolate": {
      "version": "1.2.0",
      "resolved": "https://registry.npmjs.org/d3-interpolate/-/d3-interpolate-1.2.0.tgz",
      "integrity": "sha512-zLvTk8CREPFfc/2XglPQriAsXkzoRDAyBzndtKJWrZmHw7kmOWHNS11e40kPTd/oGk8P5mFJW5uBbcFQ+ybxyA==",
      "requires": {
        "d3-color": "1.2.0"
      }
    },
    "d3-scale-chromatic": {
      "version": "1.3.0",
      "resolved": "https://registry.npmjs.org/d3-scale-chromatic/-/d3-scale-chromatic-1.3.0.tgz",
      "integrity": "sha512-YwMbiaW2bStWvQFByK8hA6hk7ToWflspIo2TRukCqERd8isiafEMBXmwfh8c7/0Z94mVvIzIveRLVC6RAjhgeA==",
      "requires": {
        "d3-color": "1.2.0",
        "d3-interpolate": "1.2.0"
      }
    }
  }
}
